// !$*UTF8*$!
{
	archiveVersion = 1;
	classes = {
	};
	objectVersion = 56;
	objects = {

/* Begin PBXBuildFile section */
		A911751E28FE3D7B00F86706 /* NavigationBarColorModifier.swift in Sources */ = {isa = PBXBuildFile; fileRef = A911751D28FE3D7B00F86706 /* NavigationBarColorModifier.swift */; };
		A92161DA2988401200FF2474 /* UniformTypeIdentifiers.framework in Frameworks */ = {isa = PBXBuildFile; fileRef = A92161D92988401200FF2474 /* UniformTypeIdentifiers.framework */; };
		A92161DD2988401200FF2474 /* FileProviderExtension.swift in Sources */ = {isa = PBXBuildFile; fileRef = A92161DC2988401200FF2474 /* FileProviderExtension.swift */; };
		A92161DF2988401200FF2474 /* FileProviderItem.swift in Sources */ = {isa = PBXBuildFile; fileRef = A92161DE2988401200FF2474 /* FileProviderItem.swift */; };
		A92161E12988401200FF2474 /* FileProviderEnumerator.swift in Sources */ = {isa = PBXBuildFile; fileRef = A92161E02988401200FF2474 /* FileProviderEnumerator.swift */; };
		A92161EB2988401200FF2474 /* DocumentActionViewController.swift in Sources */ = {isa = PBXBuildFile; fileRef = A92161EA2988401200FF2474 /* DocumentActionViewController.swift */; };
		A92161EE2988401200FF2474 /* MainInterface.storyboard in Resources */ = {isa = PBXBuildFile; fileRef = A92161EC2988401200FF2474 /* MainInterface.storyboard */; };
		A92161F22988401200FF2474 /* GliderFileProviderUI.appex in Embed Foundation Extensions */ = {isa = PBXBuildFile; fileRef = A92161E82988401200FF2474 /* GliderFileProviderUI.appex */; settings = {ATTRIBUTES = (RemoveHeadersOnCopy, ); }; };
		A92161F52988401200FF2474 /* GliderFileProvider.appex in Embed Foundation Extensions */ = {isa = PBXBuildFile; fileRef = A92161D72988401200FF2474 /* GliderFileProvider.appex */; settings = {ATTRIBUTES = (RemoveHeadersOnCopy, ); }; };
		A92161FE2988416400FF2474 /* Logger+Utils.swift in Sources */ = {isa = PBXBuildFile; fileRef = A92161FD2988416400FF2474 /* Logger+Utils.swift */; };
		A92161FF298841AB00FF2474 /* Logger+Utils.swift in Sources */ = {isa = PBXBuildFile; fileRef = A92161FD2988416400FF2474 /* Logger+Utils.swift */; };
		A9216200298841BA00FF2474 /* AppEnvironment.swift in Sources */ = {isa = PBXBuildFile; fileRef = A9AD163C28D8592E0050727A /* AppEnvironment.swift */; };
		A92162022988446100FF2474 /* GliderClient.swift in Sources */ = {isa = PBXBuildFile; fileRef = A92162012988446100FF2474 /* GliderClient.swift */; };
		A92162032988448100FF2474 /* LogHelper.swift in Sources */ = {isa = PBXBuildFile; fileRef = A9AD163A28D8592E0050727A /* LogHelper.swift */; };
		A9216204298844EF00FF2474 /* FileTransferPathUtils.swift in Sources */ = {isa = PBXBuildFile; fileRef = A9AD163E28D8592E0050727A /* FileTransferPathUtils.swift */; };
		A9216205298845CE00FF2474 /* String+DeletingPrefix.swift in Sources */ = {isa = PBXBuildFile; fileRef = A9AD163628D8592E0050727A /* String+DeletingPrefix.swift */; };
		A9216206298845E100FF2474 /* DirectoryEntry.swift in Sources */ = {isa = PBXBuildFile; fileRef = A9D530E628D987D10056177D /* DirectoryEntry.swift */; };
		A921620A298847A300FF2474 /* ScanEnumerator.swift in Sources */ = {isa = PBXBuildFile; fileRef = A9216208298847A300FF2474 /* ScanEnumerator.swift */; };
		A921620B298847A300FF2474 /* ItemEnumerator.swift in Sources */ = {isa = PBXBuildFile; fileRef = A9216209298847A300FF2474 /* ItemEnumerator.swift */; };
		A921620C298847B800FF2474 /* PeripheralsViewModel.swift in Sources */ = {isa = PBXBuildFile; fileRef = A9AD169128D8A1610050727A /* PeripheralsViewModel.swift */; };
		A921620D298847C900FF2474 /* ConnectionManager.swift in Sources */ = {isa = PBXBuildFile; fileRef = A9AD165A28D85F2A0050727A /* ConnectionManager.swift */; };
		A921620E298847F000FF2474 /* CommandQueue.swift in Sources */ = {isa = PBXBuildFile; fileRef = A9AD163928D8592E0050727A /* CommandQueue.swift */; };
		A921620F298847F000FF2474 /* BonjourScannerFake.swift in Sources */ = {isa = PBXBuildFile; fileRef = A9D530DA28D8ED330056177D /* BonjourScannerFake.swift */; };
		A9216210298847F000FF2474 /* Data+LittleEndianTypes.swift in Sources */ = {isa = PBXBuildFile; fileRef = A9AD163528D8592E0050727A /* Data+LittleEndianTypes.swift */; };
		A9216211298847F000FF2474 /* WifiPeripheral.swift in Sources */ = {isa = PBXBuildFile; fileRef = A9AD169728D8A6EA0050727A /* WifiPeripheral.swift */; };
		A9216212298847F000FF2474 /* Int+Bytes.swift in Sources */ = {isa = PBXBuildFile; fileRef = A9AD163828D8592E0050727A /* Int+Bytes.swift */; };
		A9216213298847F000FF2474 /* Result+SimpleCheck.swift in Sources */ = {isa = PBXBuildFile; fileRef = A9AD167F28D862B80050727A /* Result+SimpleCheck.swift */; };
		A9216214298847F000FF2474 /* BleManagerFake.swift in Sources */ = {isa = PBXBuildFile; fileRef = A975B94128EF3E3A0039FE2F /* BleManagerFake.swift */; };
		A9216215298847F000FF2474 /* BlePeripheral.swift in Sources */ = {isa = PBXBuildFile; fileRef = A985BC6128EB996C008A81FD /* BlePeripheral.swift */; };
		A9216216298847F000FF2474 /* FileTransferJsonDeserializer.swift in Sources */ = {isa = PBXBuildFile; fileRef = A9D530F328DA04B50056177D /* FileTransferJsonDeserializer.swift */; };
		A9216217298847F000FF2474 /* BleManager.swift in Sources */ = {isa = PBXBuildFile; fileRef = A975B93D28EF24490039FE2F /* BleManager.swift */; };
		A9216218298847F000FF2474 /* FileTransferNetwork.swift in Sources */ = {isa = PBXBuildFile; fileRef = A985BC5B28EB10E3008A81FD /* FileTransferNetwork.swift */; };
		A9216219298847F000FF2474 /* BonjourScanner.swift in Sources */ = {isa = PBXBuildFile; fileRef = A9D530D528D8E21C0056177D /* BonjourScanner.swift */; };
		A921621A298847F000FF2474 /* BonjourScannerImpl.swift in Sources */ = {isa = PBXBuildFile; fileRef = A9D530DC28D8ED430056177D /* BonjourScannerImpl.swift */; };
		A921621B298847F000FF2474 /* BleManagerImpl.swift in Sources */ = {isa = PBXBuildFile; fileRef = A975B93F28EF3BAD0039FE2F /* BleManagerImpl.swift */; };
		A921621C298847F000FF2474 /* SavedSettingsWifiPeripherals.swift in Sources */ = {isa = PBXBuildFile; fileRef = A9D530F528DA10250056177D /* SavedSettingsWifiPeripherals.swift */; };
		A921621D298847F000FF2474 /* BonjourResolver.swift in Sources */ = {isa = PBXBuildFile; fileRef = A9D530D428D8E21C0056177D /* BonjourResolver.swift */; };
		A921621E298847F000FF2474 /* BlePeripheralScanner.swift in Sources */ = {isa = PBXBuildFile; fileRef = A985BC5D28EB98A4008A81FD /* BlePeripheralScanner.swift */; };
		A921621F298847F000FF2474 /* Data+ScanValue.swift in Sources */ = {isa = PBXBuildFile; fileRef = A9AD163D28D8592E0050727A /* Data+ScanValue.swift */; };
		A9216220298847F000FF2474 /* FileTransferWebApiVersion.swift in Sources */ = {isa = PBXBuildFile; fileRef = A9D530F028DA040F0056177D /* FileTransferWebApiVersion.swift */; };
		A9216221298847F000FF2474 /* SavedBondedBlePeripherals.swift in Sources */ = {isa = PBXBuildFile; fileRef = A940C70128EC78BB0017B277 /* SavedBondedBlePeripherals.swift */; };
		A9216222298847F000FF2474 /* FileTransferNetworkRouter.swift in Sources */ = {isa = PBXBuildFile; fileRef = A985BC5928EAD506008A81FD /* FileTransferNetworkRouter.swift */; };
		A9216223298847F000FF2474 /* Peripheral.swift in Sources */ = {isa = PBXBuildFile; fileRef = A9AD169328D8A5A10050727A /* Peripheral.swift */; };
		A9216224298847F000FF2474 /* HostNameResolver.swift in Sources */ = {isa = PBXBuildFile; fileRef = A9D530D228D8E21C0056177D /* HostNameResolver.swift */; };
		A9216225298847F000FF2474 /* HexUtils.swift in Sources */ = {isa = PBXBuildFile; fileRef = A9AD163728D8592E0050727A /* HexUtils.swift */; };
		A9216226298847F000FF2474 /* Types+Data.swift in Sources */ = {isa = PBXBuildFile; fileRef = A9AD163B28D8592E0050727A /* Types+Data.swift */; };
		A9216227298847F000FF2474 /* BlePeripheralScannerFake.swift in Sources */ = {isa = PBXBuildFile; fileRef = A985BC6328EC2FF0008A81FD /* BlePeripheralScannerFake.swift */; };
		A9216228298847F000FF2474 /* NWEndpoint+bonjourName.swift in Sources */ = {isa = PBXBuildFile; fileRef = A9D530D328D8E21C0056177D /* NWEndpoint+bonjourName.swift */; };
		A9216229298847F000FF2474 /* BleAdvertisement+ManufacturerAdafruit.swift in Sources */ = {isa = PBXBuildFile; fileRef = A985BC6928EC6A4E008A81FD /* BleAdvertisement+ManufacturerAdafruit.swift */; };
		A921622A298847F000FF2474 /* BlePeripheralScannerImpl.swift in Sources */ = {isa = PBXBuildFile; fileRef = A985BC6528EC3036008A81FD /* BlePeripheralScannerImpl.swift */; };
		A921622B298847F000FF2474 /* BleAdvertisement.swift in Sources */ = {isa = PBXBuildFile; fileRef = A985BC6728EC69D2008A81FD /* BleAdvertisement.swift */; };
		A921622C2988480C00FF2474 /* WifiFileTransferPeripheral.swift in Sources */ = {isa = PBXBuildFile; fileRef = A9D530E228D985E90056177D /* WifiFileTransferPeripheral.swift */; };
		A921622D2988480C00FF2474 /* FileTransferClient.swift in Sources */ = {isa = PBXBuildFile; fileRef = A9D530E828D98B060056177D /* FileTransferClient.swift */; };
		A921622E2988480C00FF2474 /* BleFileTransferPeripheral.swift in Sources */ = {isa = PBXBuildFile; fileRef = A985BC6B28EC6AB8008A81FD /* BleFileTransferPeripheral.swift */; };
		A921622F2988480C00FF2474 /* BleDataProcessingQueue.swift in Sources */ = {isa = PBXBuildFile; fileRef = A940C70328EC91460017B277 /* BleDataProcessingQueue.swift */; };
		A92162302988480C00FF2474 /* FileTransferPeripheral.swift in Sources */ = {isa = PBXBuildFile; fileRef = A9D530E428D9861F0056177D /* FileTransferPeripheral.swift */; };
		A92162312988480C00FF2474 /* Scanner.swift in Sources */ = {isa = PBXBuildFile; fileRef = A9D530DF28D914990056177D /* Scanner.swift */; };
		A92162332988482300FF2474 /* SwiftyJSON in Frameworks */ = {isa = PBXBuildFile; productRef = A92162322988482300FF2474 /* SwiftyJSON */; };
		A9216235298848AF00FF2474 /* FileMetadataCache.swift in Sources */ = {isa = PBXBuildFile; fileRef = A9216234298848AF00FF2474 /* FileMetadataCache.swift */; };
		A940C70228EC78BB0017B277 /* SavedBondedBlePeripherals.swift in Sources */ = {isa = PBXBuildFile; fileRef = A940C70128EC78BB0017B277 /* SavedBondedBlePeripherals.swift */; };
		A940C70428EC91460017B277 /* BleDataProcessingQueue.swift in Sources */ = {isa = PBXBuildFile; fileRef = A940C70328EC91460017B277 /* BleDataProcessingQueue.swift */; };
		A96EE38E28CFC64800D21360 /* Assets.xcassets in Resources */ = {isa = PBXBuildFile; fileRef = A96EE38D28CFC64800D21360 /* Assets.xcassets */; };
		A96EE39228CFC64800D21360 /* Preview Assets.xcassets in Resources */ = {isa = PBXBuildFile; fileRef = A96EE39128CFC64800D21360 /* Preview Assets.xcassets */; };
		A975B93E28EF24490039FE2F /* BleManager.swift in Sources */ = {isa = PBXBuildFile; fileRef = A975B93D28EF24490039FE2F /* BleManager.swift */; };
		A975B94028EF3BAD0039FE2F /* BleManagerImpl.swift in Sources */ = {isa = PBXBuildFile; fileRef = A975B93F28EF3BAD0039FE2F /* BleManagerImpl.swift */; };
		A975B94228EF3E3A0039FE2F /* BleManagerFake.swift in Sources */ = {isa = PBXBuildFile; fileRef = A975B94128EF3E3A0039FE2F /* BleManagerFake.swift */; };
		A985BC5A28EAD506008A81FD /* FileTransferNetworkRouter.swift in Sources */ = {isa = PBXBuildFile; fileRef = A985BC5928EAD506008A81FD /* FileTransferNetworkRouter.swift */; };
		A985BC5C28EB10E3008A81FD /* FileTransferNetwork.swift in Sources */ = {isa = PBXBuildFile; fileRef = A985BC5B28EB10E3008A81FD /* FileTransferNetwork.swift */; };
		A985BC5E28EB98A4008A81FD /* BlePeripheralScanner.swift in Sources */ = {isa = PBXBuildFile; fileRef = A985BC5D28EB98A4008A81FD /* BlePeripheralScanner.swift */; };
		A985BC6228EB996C008A81FD /* BlePeripheral.swift in Sources */ = {isa = PBXBuildFile; fileRef = A985BC6128EB996C008A81FD /* BlePeripheral.swift */; };
		A985BC6428EC2FF0008A81FD /* BlePeripheralScannerFake.swift in Sources */ = {isa = PBXBuildFile; fileRef = A985BC6328EC2FF0008A81FD /* BlePeripheralScannerFake.swift */; };
		A985BC6628EC3036008A81FD /* BlePeripheralScannerImpl.swift in Sources */ = {isa = PBXBuildFile; fileRef = A985BC6528EC3036008A81FD /* BlePeripheralScannerImpl.swift */; };
		A985BC6828EC69D2008A81FD /* BleAdvertisement.swift in Sources */ = {isa = PBXBuildFile; fileRef = A985BC6728EC69D2008A81FD /* BleAdvertisement.swift */; };
		A985BC6A28EC6A4E008A81FD /* BleAdvertisement+ManufacturerAdafruit.swift in Sources */ = {isa = PBXBuildFile; fileRef = A985BC6928EC6A4E008A81FD /* BleAdvertisement+ManufacturerAdafruit.swift */; };
		A985BC6C28EC6AB8008A81FD /* BleFileTransferPeripheral.swift in Sources */ = {isa = PBXBuildFile; fileRef = A985BC6B28EC6AB8008A81FD /* BleFileTransferPeripheral.swift */; };
		A98A1DF729916D66007102A8 /* AppContainer.swift in Sources */ = {isa = PBXBuildFile; fileRef = A9AD165328D85A3B0050727A /* AppContainer.swift */; };
		A98A1DF829916D74007102A8 /* Config.swift in Sources */ = {isa = PBXBuildFile; fileRef = A9AD161B28D8580E0050727A /* Config.swift */; };
		A98A1DFC299B0D34007102A8 /* DocumentPicker.swift in Sources */ = {isa = PBXBuildFile; fileRef = A98A1DFB299B0D34007102A8 /* DocumentPicker.swift */; };
		A98A1DFD299BA879007102A8 /* LogManager.swift in Sources */ = {isa = PBXBuildFile; fileRef = A9AD162528D858D40050727A /* LogManager.swift */; };
		A98CE9F628E2F17800795BC7 /* FileExplorerView.swift in Sources */ = {isa = PBXBuildFile; fileRef = A9D530F728DA2A070056177D /* FileExplorerView.swift */; };
		A9AD162128D858460050727A /* Config.swift in Sources */ = {isa = PBXBuildFile; fileRef = A9AD161B28D8580E0050727A /* Config.swift */; };
		A9AD162228D8584C0050727A /* AppDelegate.swift in Sources */ = {isa = PBXBuildFile; fileRef = A9AD161D28D8580E0050727A /* AppDelegate.swift */; };
		A9AD162328D858760050727A /* GliderApp.swift in Sources */ = {isa = PBXBuildFile; fileRef = A9AD161C28D8580E0050727A /* GliderApp.swift */; };
		A9AD162628D858D40050727A /* LogManager.swift in Sources */ = {isa = PBXBuildFile; fileRef = A9AD162528D858D40050727A /* LogManager.swift */; };
		A9AD164828D8592E0050727A /* Data+LittleEndianTypes.swift in Sources */ = {isa = PBXBuildFile; fileRef = A9AD163528D8592E0050727A /* Data+LittleEndianTypes.swift */; };
		A9AD164928D8592E0050727A /* String+DeletingPrefix.swift in Sources */ = {isa = PBXBuildFile; fileRef = A9AD163628D8592E0050727A /* String+DeletingPrefix.swift */; };
		A9AD164A28D8592E0050727A /* HexUtils.swift in Sources */ = {isa = PBXBuildFile; fileRef = A9AD163728D8592E0050727A /* HexUtils.swift */; };
		A9AD164B28D8592E0050727A /* Int+Bytes.swift in Sources */ = {isa = PBXBuildFile; fileRef = A9AD163828D8592E0050727A /* Int+Bytes.swift */; };
		A9AD164C28D8592E0050727A /* CommandQueue.swift in Sources */ = {isa = PBXBuildFile; fileRef = A9AD163928D8592E0050727A /* CommandQueue.swift */; };
		A9AD164D28D8592E0050727A /* LogHelper.swift in Sources */ = {isa = PBXBuildFile; fileRef = A9AD163A28D8592E0050727A /* LogHelper.swift */; };
		A9AD164E28D8592E0050727A /* Types+Data.swift in Sources */ = {isa = PBXBuildFile; fileRef = A9AD163B28D8592E0050727A /* Types+Data.swift */; };
		A9AD164F28D8592E0050727A /* AppEnvironment.swift in Sources */ = {isa = PBXBuildFile; fileRef = A9AD163C28D8592E0050727A /* AppEnvironment.swift */; };
		A9AD165028D8592E0050727A /* Data+ScanValue.swift in Sources */ = {isa = PBXBuildFile; fileRef = A9AD163D28D8592E0050727A /* Data+ScanValue.swift */; };
		A9AD165128D8592E0050727A /* FileTransferPathUtils.swift in Sources */ = {isa = PBXBuildFile; fileRef = A9AD163E28D8592E0050727A /* FileTransferPathUtils.swift */; };
		A9AD165428D85A3B0050727A /* AppContainer.swift in Sources */ = {isa = PBXBuildFile; fileRef = A9AD165328D85A3B0050727A /* AppContainer.swift */; };
		A9AD165728D85D850050727A /* RootView.swift in Sources */ = {isa = PBXBuildFile; fileRef = A9AD165628D85D850050727A /* RootView.swift */; };
		A9AD165928D85DF30050727A /* RootViewModel.swift in Sources */ = {isa = PBXBuildFile; fileRef = A9AD165828D85DF30050727A /* RootViewModel.swift */; };
		A9AD165B28D85F2A0050727A /* ConnectionManager.swift in Sources */ = {isa = PBXBuildFile; fileRef = A9AD165A28D85F2A0050727A /* ConnectionManager.swift */; };
		A9AD166028D860AE0050727A /* WaveView.swift in Sources */ = {isa = PBXBuildFile; fileRef = A9AD165D28D860AE0050727A /* WaveView.swift */; };
		A9AD166128D860AE0050727A /* ButtonStyles.swift in Sources */ = {isa = PBXBuildFile; fileRef = A9AD165E28D860AE0050727A /* ButtonStyles.swift */; };
		A9AD166228D860AE0050727A /* SnackBarView.swift in Sources */ = {isa = PBXBuildFile; fileRef = A9AD165F28D860AE0050727A /* SnackBarView.swift */; };
		A9AD166428D862070050727A /* ConnectedTabView.swift in Sources */ = {isa = PBXBuildFile; fileRef = A9AD166328D862070050727A /* ConnectedTabView.swift */; };
		A9AD167628D862A80050727A /* SafeAreaInsetsEnvironmentValue.swift in Sources */ = {isa = PBXBuildFile; fileRef = A9AD167128D862A80050727A /* SafeAreaInsetsEnvironmentValue.swift */; };
		A9AD167728D862A80050727A /* ActivityViewController.swift in Sources */ = {isa = PBXBuildFile; fileRef = A9AD167228D862A80050727A /* ActivityViewController.swift */; };
		A9AD167828D862A80050727A /* TextFieldAlert.swift in Sources */ = {isa = PBXBuildFile; fileRef = A9AD167328D862A80050727A /* TextFieldAlert.swift */; };
		A9AD167928D862A80050727A /* View+If.swift in Sources */ = {isa = PBXBuildFile; fileRef = A9AD167428D862A80050727A /* View+If.swift */; };
		A9AD167A28D862A80050727A /* HideKeyboard.swift in Sources */ = {isa = PBXBuildFile; fileRef = A9AD167528D862A80050727A /* HideKeyboard.swift */; };
		A9AD168028D862B80050727A /* KeyboardUtils.swift in Sources */ = {isa = PBXBuildFile; fileRef = A9AD167C28D862B80050727A /* KeyboardUtils.swift */; };
		A9AD168128D862B80050727A /* UIColor+LightAndDark.swift in Sources */ = {isa = PBXBuildFile; fileRef = A9AD167D28D862B80050727A /* UIColor+LightAndDark.swift */; };
		A9AD168228D862B80050727A /* FileProviderUtils.swift in Sources */ = {isa = PBXBuildFile; fileRef = A9AD167E28D862B80050727A /* FileProviderUtils.swift */; };
		A9AD168328D862B80050727A /* Result+SimpleCheck.swift in Sources */ = {isa = PBXBuildFile; fileRef = A9AD167F28D862B80050727A /* Result+SimpleCheck.swift */; };
		A9AD168528D875780050727A /* TodoView.swift in Sources */ = {isa = PBXBuildFile; fileRef = A9AD168428D875780050727A /* TodoView.swift */; };
		A9AD168928D8759D0050727A /* LimitWidthOnRegularSizeClass.swift in Sources */ = {isa = PBXBuildFile; fileRef = A9AD168728D8759D0050727A /* LimitWidthOnRegularSizeClass.swift */; };
		A9AD168A28D8759D0050727A /* DefaultBackground.swift in Sources */ = {isa = PBXBuildFile; fileRef = A9AD168828D8759D0050727A /* DefaultBackground.swift */; };
		A9AD168C28D876490050727A /* LogView.swift in Sources */ = {isa = PBXBuildFile; fileRef = A9AD168B28D876490050727A /* LogView.swift */; };
		A9AD168E28D877C60050727A /* Application+KeyWindow.swift in Sources */ = {isa = PBXBuildFile; fileRef = A9AD168D28D877C60050727A /* Application+KeyWindow.swift */; };
		A9AD169028D886110050727A /* PeripheralsView.swift in Sources */ = {isa = PBXBuildFile; fileRef = A9AD168F28D886110050727A /* PeripheralsView.swift */; };
		A9AD169228D8A1610050727A /* PeripheralsViewModel.swift in Sources */ = {isa = PBXBuildFile; fileRef = A9AD169128D8A1610050727A /* PeripheralsViewModel.swift */; };
		A9AD169428D8A5A10050727A /* Peripheral.swift in Sources */ = {isa = PBXBuildFile; fileRef = A9AD169328D8A5A10050727A /* Peripheral.swift */; };
		A9AD169828D8A6EA0050727A /* WifiPeripheral.swift in Sources */ = {isa = PBXBuildFile; fileRef = A9AD169728D8A6EA0050727A /* WifiPeripheral.swift */; };
		A9D530D628D8E21C0056177D /* HostNameResolver.swift in Sources */ = {isa = PBXBuildFile; fileRef = A9D530D228D8E21C0056177D /* HostNameResolver.swift */; };
		A9D530D728D8E21C0056177D /* NWEndpoint+bonjourName.swift in Sources */ = {isa = PBXBuildFile; fileRef = A9D530D328D8E21C0056177D /* NWEndpoint+bonjourName.swift */; };
		A9D530D828D8E21C0056177D /* BonjourResolver.swift in Sources */ = {isa = PBXBuildFile; fileRef = A9D530D428D8E21C0056177D /* BonjourResolver.swift */; };
		A9D530D928D8E21C0056177D /* BonjourScanner.swift in Sources */ = {isa = PBXBuildFile; fileRef = A9D530D528D8E21C0056177D /* BonjourScanner.swift */; };
		A9D530DB28D8ED330056177D /* BonjourScannerFake.swift in Sources */ = {isa = PBXBuildFile; fileRef = A9D530DA28D8ED330056177D /* BonjourScannerFake.swift */; };
		A9D530DD28D8ED430056177D /* BonjourScannerImpl.swift in Sources */ = {isa = PBXBuildFile; fileRef = A9D530DC28D8ED430056177D /* BonjourScannerImpl.swift */; };
		A9D530E028D914990056177D /* Scanner.swift in Sources */ = {isa = PBXBuildFile; fileRef = A9D530DF28D914990056177D /* Scanner.swift */; };
		A9D530E328D985E90056177D /* WifiFileTransferPeripheral.swift in Sources */ = {isa = PBXBuildFile; fileRef = A9D530E228D985E90056177D /* WifiFileTransferPeripheral.swift */; };
		A9D530E528D9861F0056177D /* FileTransferPeripheral.swift in Sources */ = {isa = PBXBuildFile; fileRef = A9D530E428D9861F0056177D /* FileTransferPeripheral.swift */; };
		A9D530E728D987D10056177D /* DirectoryEntry.swift in Sources */ = {isa = PBXBuildFile; fileRef = A9D530E628D987D10056177D /* DirectoryEntry.swift */; };
		A9D530E928D98B060056177D /* FileTransferClient.swift in Sources */ = {isa = PBXBuildFile; fileRef = A9D530E828D98B060056177D /* FileTransferClient.swift */; };
		A9D530EF28DA03D70056177D /* SwiftyJSON in Frameworks */ = {isa = PBXBuildFile; productRef = A9D530EE28DA03D70056177D /* SwiftyJSON */; };
		A9D530F128DA040F0056177D /* FileTransferWebApiVersion.swift in Sources */ = {isa = PBXBuildFile; fileRef = A9D530F028DA040F0056177D /* FileTransferWebApiVersion.swift */; };
		A9D530F428DA04B50056177D /* FileTransferJsonDeserializer.swift in Sources */ = {isa = PBXBuildFile; fileRef = A9D530F328DA04B50056177D /* FileTransferJsonDeserializer.swift */; };
		A9D530F628DA10250056177D /* SavedSettingsWifiPeripherals.swift in Sources */ = {isa = PBXBuildFile; fileRef = A9D530F528DA10250056177D /* SavedSettingsWifiPeripherals.swift */; };
		A9D530FF28DA2A820056177D /* FileCommandsViewModel.swift in Sources */ = {isa = PBXBuildFile; fileRef = A9D530FB28DA2A820056177D /* FileCommandsViewModel.swift */; };
		A9D5310228DA2AE70056177D /* TransmissionStatus.swift in Sources */ = {isa = PBXBuildFile; fileRef = A9D5310128DA2AE70056177D /* TransmissionStatus.swift */; };
		A9D5310328DA2CA80056177D /* FileSystemViewModel.swift in Sources */ = {isa = PBXBuildFile; fileRef = A9D530FC28DA2A820056177D /* FileSystemViewModel.swift */; };
		A9D5310428DA2D510056177D /* FileEditViewModel.swift in Sources */ = {isa = PBXBuildFile; fileRef = A9D530FD28DA2A820056177D /* FileEditViewModel.swift */; };
		A9D5310628DA2D800056177D /* FileCommandsStatusBarView.swift in Sources */ = {isa = PBXBuildFile; fileRef = A9D5310528DA2D800056177D /* FileCommandsStatusBarView.swift */; };
		A9D5310728DA2D970056177D /* FileEditView.swift in Sources */ = {isa = PBXBuildFile; fileRef = A9D530F828DA2A070056177D /* FileEditView.swift */; };
		A9D5310A28DA60750056177D /* FileSystemView.swift in Sources */ = {isa = PBXBuildFile; fileRef = A9D5310928DA60750056177D /* FileSystemView.swift */; };
		A9D5310C28DA60A80056177D /* FileMoveView.swift in Sources */ = {isa = PBXBuildFile; fileRef = A9D5310B28DA60A80056177D /* FileMoveView.swift */; };
/* End PBXBuildFile section */

/* Begin PBXContainerItemProxy section */
		A92161F02988401200FF2474 /* PBXContainerItemProxy */ = {
			isa = PBXContainerItemProxy;
			containerPortal = A96EE37E28CFC64700D21360 /* Project object */;
			proxyType = 1;
			remoteGlobalIDString = A92161E72988401200FF2474;
			remoteInfo = GliderFileProviderUI;
		};
		A92161F32988401200FF2474 /* PBXContainerItemProxy */ = {
			isa = PBXContainerItemProxy;
			containerPortal = A96EE37E28CFC64700D21360 /* Project object */;
			proxyType = 1;
			remoteGlobalIDString = A92161D62988401200FF2474;
			remoteInfo = GliderFileProvider;
		};
/* End PBXContainerItemProxy section */

/* Begin PBXCopyFilesBuildPhase section */
		A92161FC2988401300FF2474 /* Embed Foundation Extensions */ = {
			isa = PBXCopyFilesBuildPhase;
			buildActionMask = 2147483647;
			dstPath = "";
			dstSubfolderSpec = 13;
			files = (
				A92161F52988401200FF2474 /* GliderFileProvider.appex in Embed Foundation Extensions */,
				A92161F22988401200FF2474 /* GliderFileProviderUI.appex in Embed Foundation Extensions */,
			);
			name = "Embed Foundation Extensions";
			runOnlyForDeploymentPostprocessing = 0;
		};
/* End PBXCopyFilesBuildPhase section */

/* Begin PBXFileReference section */
		A911751D28FE3D7B00F86706 /* NavigationBarColorModifier.swift */ = {isa = PBXFileReference; lastKnownFileType = sourcecode.swift; path = NavigationBarColorModifier.swift; sourceTree = "<group>"; };
		A92161D72988401200FF2474 /* GliderFileProvider.appex */ = {isa = PBXFileReference; explicitFileType = "wrapper.app-extension"; includeInIndex = 0; path = GliderFileProvider.appex; sourceTree = BUILT_PRODUCTS_DIR; };
		A92161D92988401200FF2474 /* UniformTypeIdentifiers.framework */ = {isa = PBXFileReference; lastKnownFileType = wrapper.framework; name = UniformTypeIdentifiers.framework; path = System/Library/Frameworks/UniformTypeIdentifiers.framework; sourceTree = SDKROOT; };
		A92161DC2988401200FF2474 /* FileProviderExtension.swift */ = {isa = PBXFileReference; lastKnownFileType = sourcecode.swift; path = FileProviderExtension.swift; sourceTree = "<group>"; };
		A92161DE2988401200FF2474 /* FileProviderItem.swift */ = {isa = PBXFileReference; lastKnownFileType = sourcecode.swift; path = FileProviderItem.swift; sourceTree = "<group>"; };
		A92161E02988401200FF2474 /* FileProviderEnumerator.swift */ = {isa = PBXFileReference; lastKnownFileType = sourcecode.swift; path = FileProviderEnumerator.swift; sourceTree = "<group>"; };
		A92161E22988401200FF2474 /* Info.plist */ = {isa = PBXFileReference; lastKnownFileType = text.plist.xml; path = Info.plist; sourceTree = "<group>"; };
		A92161E32988401200FF2474 /* GliderFileProvider.entitlements */ = {isa = PBXFileReference; lastKnownFileType = text.plist.entitlements; path = GliderFileProvider.entitlements; sourceTree = "<group>"; };
		A92161E82988401200FF2474 /* GliderFileProviderUI.appex */ = {isa = PBXFileReference; explicitFileType = "wrapper.app-extension"; includeInIndex = 0; path = GliderFileProviderUI.appex; sourceTree = BUILT_PRODUCTS_DIR; };
		A92161EA2988401200FF2474 /* DocumentActionViewController.swift */ = {isa = PBXFileReference; lastKnownFileType = sourcecode.swift; path = DocumentActionViewController.swift; sourceTree = "<group>"; };
		A92161ED2988401200FF2474 /* Base */ = {isa = PBXFileReference; lastKnownFileType = file.storyboard; name = Base; path = Base.lproj/MainInterface.storyboard; sourceTree = "<group>"; };
		A92161EF2988401200FF2474 /* Info.plist */ = {isa = PBXFileReference; lastKnownFileType = text.plist.xml; path = Info.plist; sourceTree = "<group>"; };
		A92161FD2988416400FF2474 /* Logger+Utils.swift */ = {isa = PBXFileReference; fileEncoding = 4; lastKnownFileType = sourcecode.swift; path = "Logger+Utils.swift"; sourceTree = "<group>"; };
		A92162012988446100FF2474 /* GliderClient.swift */ = {isa = PBXFileReference; fileEncoding = 4; lastKnownFileType = sourcecode.swift; path = GliderClient.swift; sourceTree = "<group>"; };
		A9216208298847A300FF2474 /* ScanEnumerator.swift */ = {isa = PBXFileReference; fileEncoding = 4; lastKnownFileType = sourcecode.swift; path = ScanEnumerator.swift; sourceTree = "<group>"; };
		A9216209298847A300FF2474 /* ItemEnumerator.swift */ = {isa = PBXFileReference; fileEncoding = 4; lastKnownFileType = sourcecode.swift; path = ItemEnumerator.swift; sourceTree = "<group>"; };
		A9216234298848AF00FF2474 /* FileMetadataCache.swift */ = {isa = PBXFileReference; fileEncoding = 4; lastKnownFileType = sourcecode.swift; path = FileMetadataCache.swift; sourceTree = "<group>"; };
		A940C70128EC78BB0017B277 /* SavedBondedBlePeripherals.swift */ = {isa = PBXFileReference; lastKnownFileType = sourcecode.swift; path = SavedBondedBlePeripherals.swift; sourceTree = "<group>"; };
		A940C70328EC91460017B277 /* BleDataProcessingQueue.swift */ = {isa = PBXFileReference; lastKnownFileType = sourcecode.swift; path = BleDataProcessingQueue.swift; sourceTree = "<group>"; };
		A96EE38628CFC64700D21360 /* Glider.app */ = {isa = PBXFileReference; explicitFileType = wrapper.application; includeInIndex = 0; path = Glider.app; sourceTree = BUILT_PRODUCTS_DIR; };
		A96EE38D28CFC64800D21360 /* Assets.xcassets */ = {isa = PBXFileReference; lastKnownFileType = folder.assetcatalog; path = Assets.xcassets; sourceTree = "<group>"; };
		A96EE38F28CFC64800D21360 /* Glider.entitlements */ = {isa = PBXFileReference; lastKnownFileType = text.plist.entitlements; path = Glider.entitlements; sourceTree = "<group>"; };
		A96EE39128CFC64800D21360 /* Preview Assets.xcassets */ = {isa = PBXFileReference; lastKnownFileType = folder.assetcatalog; path = "Preview Assets.xcassets"; sourceTree = "<group>"; };
		A975B93D28EF24490039FE2F /* BleManager.swift */ = {isa = PBXFileReference; lastKnownFileType = sourcecode.swift; path = BleManager.swift; sourceTree = "<group>"; };
		A975B93F28EF3BAD0039FE2F /* BleManagerImpl.swift */ = {isa = PBXFileReference; lastKnownFileType = sourcecode.swift; path = BleManagerImpl.swift; sourceTree = "<group>"; };
		A975B94128EF3E3A0039FE2F /* BleManagerFake.swift */ = {isa = PBXFileReference; lastKnownFileType = sourcecode.swift; path = BleManagerFake.swift; sourceTree = "<group>"; };
		A985BC5928EAD506008A81FD /* FileTransferNetworkRouter.swift */ = {isa = PBXFileReference; lastKnownFileType = sourcecode.swift; path = FileTransferNetworkRouter.swift; sourceTree = "<group>"; };
		A985BC5B28EB10E3008A81FD /* FileTransferNetwork.swift */ = {isa = PBXFileReference; lastKnownFileType = sourcecode.swift; path = FileTransferNetwork.swift; sourceTree = "<group>"; };
		A985BC5D28EB98A4008A81FD /* BlePeripheralScanner.swift */ = {isa = PBXFileReference; lastKnownFileType = sourcecode.swift; path = BlePeripheralScanner.swift; sourceTree = "<group>"; };
		A985BC6128EB996C008A81FD /* BlePeripheral.swift */ = {isa = PBXFileReference; lastKnownFileType = sourcecode.swift; path = BlePeripheral.swift; sourceTree = "<group>"; };
		A985BC6328EC2FF0008A81FD /* BlePeripheralScannerFake.swift */ = {isa = PBXFileReference; lastKnownFileType = sourcecode.swift; path = BlePeripheralScannerFake.swift; sourceTree = "<group>"; };
		A985BC6528EC3036008A81FD /* BlePeripheralScannerImpl.swift */ = {isa = PBXFileReference; lastKnownFileType = sourcecode.swift; path = BlePeripheralScannerImpl.swift; sourceTree = "<group>"; };
		A985BC6728EC69D2008A81FD /* BleAdvertisement.swift */ = {isa = PBXFileReference; lastKnownFileType = sourcecode.swift; path = BleAdvertisement.swift; sourceTree = "<group>"; };
		A985BC6928EC6A4E008A81FD /* BleAdvertisement+ManufacturerAdafruit.swift */ = {isa = PBXFileReference; lastKnownFileType = sourcecode.swift; path = "BleAdvertisement+ManufacturerAdafruit.swift"; sourceTree = "<group>"; };
		A985BC6B28EC6AB8008A81FD /* BleFileTransferPeripheral.swift */ = {isa = PBXFileReference; lastKnownFileType = sourcecode.swift; path = BleFileTransferPeripheral.swift; sourceTree = "<group>"; };
		A98A1DFB299B0D34007102A8 /* DocumentPicker.swift */ = {isa = PBXFileReference; lastKnownFileType = sourcecode.swift; path = DocumentPicker.swift; sourceTree = "<group>"; };
		A9AD161B28D8580E0050727A /* Config.swift */ = {isa = PBXFileReference; fileEncoding = 4; lastKnownFileType = sourcecode.swift; path = Config.swift; sourceTree = "<group>"; };
		A9AD161C28D8580E0050727A /* GliderApp.swift */ = {isa = PBXFileReference; fileEncoding = 4; lastKnownFileType = sourcecode.swift; path = GliderApp.swift; sourceTree = "<group>"; };
		A9AD161D28D8580E0050727A /* AppDelegate.swift */ = {isa = PBXFileReference; fileEncoding = 4; lastKnownFileType = sourcecode.swift; path = AppDelegate.swift; sourceTree = "<group>"; };
		A9AD162528D858D40050727A /* LogManager.swift */ = {isa = PBXFileReference; fileEncoding = 4; lastKnownFileType = sourcecode.swift; path = LogManager.swift; sourceTree = "<group>"; };
		A9AD163528D8592E0050727A /* Data+LittleEndianTypes.swift */ = {isa = PBXFileReference; fileEncoding = 4; lastKnownFileType = sourcecode.swift; path = "Data+LittleEndianTypes.swift"; sourceTree = "<group>"; };
		A9AD163628D8592E0050727A /* String+DeletingPrefix.swift */ = {isa = PBXFileReference; fileEncoding = 4; lastKnownFileType = sourcecode.swift; path = "String+DeletingPrefix.swift"; sourceTree = "<group>"; };
		A9AD163728D8592E0050727A /* HexUtils.swift */ = {isa = PBXFileReference; fileEncoding = 4; lastKnownFileType = sourcecode.swift; path = HexUtils.swift; sourceTree = "<group>"; };
		A9AD163828D8592E0050727A /* Int+Bytes.swift */ = {isa = PBXFileReference; fileEncoding = 4; lastKnownFileType = sourcecode.swift; path = "Int+Bytes.swift"; sourceTree = "<group>"; };
		A9AD163928D8592E0050727A /* CommandQueue.swift */ = {isa = PBXFileReference; fileEncoding = 4; lastKnownFileType = sourcecode.swift; path = CommandQueue.swift; sourceTree = "<group>"; };
		A9AD163A28D8592E0050727A /* LogHelper.swift */ = {isa = PBXFileReference; fileEncoding = 4; lastKnownFileType = sourcecode.swift; path = LogHelper.swift; sourceTree = "<group>"; };
		A9AD163B28D8592E0050727A /* Types+Data.swift */ = {isa = PBXFileReference; fileEncoding = 4; lastKnownFileType = sourcecode.swift; path = "Types+Data.swift"; sourceTree = "<group>"; };
		A9AD163C28D8592E0050727A /* AppEnvironment.swift */ = {isa = PBXFileReference; fileEncoding = 4; lastKnownFileType = sourcecode.swift; path = AppEnvironment.swift; sourceTree = "<group>"; };
		A9AD163D28D8592E0050727A /* Data+ScanValue.swift */ = {isa = PBXFileReference; fileEncoding = 4; lastKnownFileType = sourcecode.swift; path = "Data+ScanValue.swift"; sourceTree = "<group>"; };
		A9AD163E28D8592E0050727A /* FileTransferPathUtils.swift */ = {isa = PBXFileReference; fileEncoding = 4; lastKnownFileType = sourcecode.swift; path = FileTransferPathUtils.swift; sourceTree = "<group>"; };
		A9AD165328D85A3B0050727A /* AppContainer.swift */ = {isa = PBXFileReference; lastKnownFileType = sourcecode.swift; path = AppContainer.swift; sourceTree = "<group>"; };
		A9AD165628D85D850050727A /* RootView.swift */ = {isa = PBXFileReference; fileEncoding = 4; lastKnownFileType = sourcecode.swift; path = RootView.swift; sourceTree = "<group>"; };
		A9AD165828D85DF30050727A /* RootViewModel.swift */ = {isa = PBXFileReference; fileEncoding = 4; lastKnownFileType = sourcecode.swift; path = RootViewModel.swift; sourceTree = "<group>"; };
		A9AD165A28D85F2A0050727A /* ConnectionManager.swift */ = {isa = PBXFileReference; lastKnownFileType = sourcecode.swift; path = ConnectionManager.swift; sourceTree = "<group>"; };
		A9AD165D28D860AE0050727A /* WaveView.swift */ = {isa = PBXFileReference; fileEncoding = 4; lastKnownFileType = sourcecode.swift; path = WaveView.swift; sourceTree = "<group>"; };
		A9AD165E28D860AE0050727A /* ButtonStyles.swift */ = {isa = PBXFileReference; fileEncoding = 4; lastKnownFileType = sourcecode.swift; path = ButtonStyles.swift; sourceTree = "<group>"; };
		A9AD165F28D860AE0050727A /* SnackBarView.swift */ = {isa = PBXFileReference; fileEncoding = 4; lastKnownFileType = sourcecode.swift; path = SnackBarView.swift; sourceTree = "<group>"; };
		A9AD166328D862070050727A /* ConnectedTabView.swift */ = {isa = PBXFileReference; fileEncoding = 4; lastKnownFileType = sourcecode.swift; path = ConnectedTabView.swift; sourceTree = "<group>"; };
		A9AD167128D862A80050727A /* SafeAreaInsetsEnvironmentValue.swift */ = {isa = PBXFileReference; fileEncoding = 4; lastKnownFileType = sourcecode.swift; path = SafeAreaInsetsEnvironmentValue.swift; sourceTree = "<group>"; };
		A9AD167228D862A80050727A /* ActivityViewController.swift */ = {isa = PBXFileReference; fileEncoding = 4; lastKnownFileType = sourcecode.swift; path = ActivityViewController.swift; sourceTree = "<group>"; };
		A9AD167328D862A80050727A /* TextFieldAlert.swift */ = {isa = PBXFileReference; fileEncoding = 4; lastKnownFileType = sourcecode.swift; path = TextFieldAlert.swift; sourceTree = "<group>"; };
		A9AD167428D862A80050727A /* View+If.swift */ = {isa = PBXFileReference; fileEncoding = 4; lastKnownFileType = sourcecode.swift; path = "View+If.swift"; sourceTree = "<group>"; };
		A9AD167528D862A80050727A /* HideKeyboard.swift */ = {isa = PBXFileReference; fileEncoding = 4; lastKnownFileType = sourcecode.swift; path = HideKeyboard.swift; sourceTree = "<group>"; };
		A9AD167C28D862B80050727A /* KeyboardUtils.swift */ = {isa = PBXFileReference; fileEncoding = 4; lastKnownFileType = sourcecode.swift; path = KeyboardUtils.swift; sourceTree = "<group>"; };
		A9AD167D28D862B80050727A /* UIColor+LightAndDark.swift */ = {isa = PBXFileReference; fileEncoding = 4; lastKnownFileType = sourcecode.swift; path = "UIColor+LightAndDark.swift"; sourceTree = "<group>"; };
		A9AD167E28D862B80050727A /* FileProviderUtils.swift */ = {isa = PBXFileReference; fileEncoding = 4; lastKnownFileType = sourcecode.swift; path = FileProviderUtils.swift; sourceTree = "<group>"; };
		A9AD167F28D862B80050727A /* Result+SimpleCheck.swift */ = {isa = PBXFileReference; fileEncoding = 4; lastKnownFileType = sourcecode.swift; path = "Result+SimpleCheck.swift"; sourceTree = "<group>"; };
		A9AD168428D875780050727A /* TodoView.swift */ = {isa = PBXFileReference; fileEncoding = 4; lastKnownFileType = sourcecode.swift; path = TodoView.swift; sourceTree = "<group>"; };
		A9AD168728D8759D0050727A /* LimitWidthOnRegularSizeClass.swift */ = {isa = PBXFileReference; fileEncoding = 4; lastKnownFileType = sourcecode.swift; path = LimitWidthOnRegularSizeClass.swift; sourceTree = "<group>"; };
		A9AD168828D8759D0050727A /* DefaultBackground.swift */ = {isa = PBXFileReference; fileEncoding = 4; lastKnownFileType = sourcecode.swift; path = DefaultBackground.swift; sourceTree = "<group>"; };
		A9AD168B28D876490050727A /* LogView.swift */ = {isa = PBXFileReference; lastKnownFileType = sourcecode.swift; path = LogView.swift; sourceTree = "<group>"; };
		A9AD168D28D877C60050727A /* Application+KeyWindow.swift */ = {isa = PBXFileReference; lastKnownFileType = sourcecode.swift; path = "Application+KeyWindow.swift"; sourceTree = "<group>"; };
		A9AD168F28D886110050727A /* PeripheralsView.swift */ = {isa = PBXFileReference; lastKnownFileType = sourcecode.swift; path = PeripheralsView.swift; sourceTree = "<group>"; };
		A9AD169128D8A1610050727A /* PeripheralsViewModel.swift */ = {isa = PBXFileReference; lastKnownFileType = sourcecode.swift; path = PeripheralsViewModel.swift; sourceTree = "<group>"; };
		A9AD169328D8A5A10050727A /* Peripheral.swift */ = {isa = PBXFileReference; lastKnownFileType = sourcecode.swift; path = Peripheral.swift; sourceTree = "<group>"; };
		A9AD169728D8A6EA0050727A /* WifiPeripheral.swift */ = {isa = PBXFileReference; lastKnownFileType = sourcecode.swift; path = WifiPeripheral.swift; sourceTree = "<group>"; };
		A9D530D228D8E21C0056177D /* HostNameResolver.swift */ = {isa = PBXFileReference; fileEncoding = 4; lastKnownFileType = sourcecode.swift; path = HostNameResolver.swift; sourceTree = "<group>"; };
		A9D530D328D8E21C0056177D /* NWEndpoint+bonjourName.swift */ = {isa = PBXFileReference; fileEncoding = 4; lastKnownFileType = sourcecode.swift; path = "NWEndpoint+bonjourName.swift"; sourceTree = "<group>"; };
		A9D530D428D8E21C0056177D /* BonjourResolver.swift */ = {isa = PBXFileReference; fileEncoding = 4; lastKnownFileType = sourcecode.swift; path = BonjourResolver.swift; sourceTree = "<group>"; };
		A9D530D528D8E21C0056177D /* BonjourScanner.swift */ = {isa = PBXFileReference; fileEncoding = 4; lastKnownFileType = sourcecode.swift; path = BonjourScanner.swift; sourceTree = "<group>"; };
		A9D530DA28D8ED330056177D /* BonjourScannerFake.swift */ = {isa = PBXFileReference; lastKnownFileType = sourcecode.swift; path = BonjourScannerFake.swift; sourceTree = "<group>"; };
		A9D530DC28D8ED430056177D /* BonjourScannerImpl.swift */ = {isa = PBXFileReference; lastKnownFileType = sourcecode.swift; path = BonjourScannerImpl.swift; sourceTree = "<group>"; };
		A9D530DE28D910A10056177D /* Info.plist */ = {isa = PBXFileReference; lastKnownFileType = text.plist; path = Info.plist; sourceTree = "<group>"; };
		A9D530DF28D914990056177D /* Scanner.swift */ = {isa = PBXFileReference; lastKnownFileType = sourcecode.swift; path = Scanner.swift; sourceTree = "<group>"; };
		A9D530E228D985E90056177D /* WifiFileTransferPeripheral.swift */ = {isa = PBXFileReference; lastKnownFileType = sourcecode.swift; path = WifiFileTransferPeripheral.swift; sourceTree = "<group>"; };
		A9D530E428D9861F0056177D /* FileTransferPeripheral.swift */ = {isa = PBXFileReference; lastKnownFileType = sourcecode.swift; path = FileTransferPeripheral.swift; sourceTree = "<group>"; };
		A9D530E628D987D10056177D /* DirectoryEntry.swift */ = {isa = PBXFileReference; lastKnownFileType = sourcecode.swift; path = DirectoryEntry.swift; sourceTree = "<group>"; };
		A9D530E828D98B060056177D /* FileTransferClient.swift */ = {isa = PBXFileReference; lastKnownFileType = sourcecode.swift; path = FileTransferClient.swift; sourceTree = "<group>"; };
		A9D530F028DA040F0056177D /* FileTransferWebApiVersion.swift */ = {isa = PBXFileReference; lastKnownFileType = sourcecode.swift; path = FileTransferWebApiVersion.swift; sourceTree = "<group>"; };
		A9D530F328DA04B50056177D /* FileTransferJsonDeserializer.swift */ = {isa = PBXFileReference; lastKnownFileType = sourcecode.swift; path = FileTransferJsonDeserializer.swift; sourceTree = "<group>"; };
		A9D530F528DA10250056177D /* SavedSettingsWifiPeripherals.swift */ = {isa = PBXFileReference; lastKnownFileType = sourcecode.swift; path = SavedSettingsWifiPeripherals.swift; sourceTree = "<group>"; };
		A9D530F728DA2A070056177D /* FileExplorerView.swift */ = {isa = PBXFileReference; lastKnownFileType = sourcecode.swift; path = FileExplorerView.swift; sourceTree = "<group>"; };
		A9D530F828DA2A070056177D /* FileEditView.swift */ = {isa = PBXFileReference; lastKnownFileType = sourcecode.swift; path = FileEditView.swift; sourceTree = "<group>"; };
		A9D530FB28DA2A820056177D /* FileCommandsViewModel.swift */ = {isa = PBXFileReference; lastKnownFileType = sourcecode.swift; path = FileCommandsViewModel.swift; sourceTree = "<group>"; };
		A9D530FC28DA2A820056177D /* FileSystemViewModel.swift */ = {isa = PBXFileReference; lastKnownFileType = sourcecode.swift; path = FileSystemViewModel.swift; sourceTree = "<group>"; };
		A9D530FD28DA2A820056177D /* FileEditViewModel.swift */ = {isa = PBXFileReference; lastKnownFileType = sourcecode.swift; path = FileEditViewModel.swift; sourceTree = "<group>"; };
		A9D5310128DA2AE70056177D /* TransmissionStatus.swift */ = {isa = PBXFileReference; lastKnownFileType = sourcecode.swift; path = TransmissionStatus.swift; sourceTree = "<group>"; };
		A9D5310528DA2D800056177D /* FileCommandsStatusBarView.swift */ = {isa = PBXFileReference; lastKnownFileType = sourcecode.swift; path = FileCommandsStatusBarView.swift; sourceTree = "<group>"; };
		A9D5310928DA60750056177D /* FileSystemView.swift */ = {isa = PBXFileReference; lastKnownFileType = sourcecode.swift; path = FileSystemView.swift; sourceTree = "<group>"; };
		A9D5310B28DA60A80056177D /* FileMoveView.swift */ = {isa = PBXFileReference; lastKnownFileType = sourcecode.swift; path = FileMoveView.swift; sourceTree = "<group>"; };
/* End PBXFileReference section */

/* Begin PBXFrameworksBuildPhase section */
		A92161D42988401200FF2474 /* Frameworks */ = {
			isa = PBXFrameworksBuildPhase;
			buildActionMask = 2147483647;
			files = (
				A92162332988482300FF2474 /* SwiftyJSON in Frameworks */,
				A92161DA2988401200FF2474 /* UniformTypeIdentifiers.framework in Frameworks */,
			);
			runOnlyForDeploymentPostprocessing = 0;
		};
		A92161E52988401200FF2474 /* Frameworks */ = {
			isa = PBXFrameworksBuildPhase;
			buildActionMask = 2147483647;
			files = (
			);
			runOnlyForDeploymentPostprocessing = 0;
		};
		A96EE38328CFC64700D21360 /* Frameworks */ = {
			isa = PBXFrameworksBuildPhase;
			buildActionMask = 2147483647;
			files = (
				A9D530EF28DA03D70056177D /* SwiftyJSON in Frameworks */,
			);
			runOnlyForDeploymentPostprocessing = 0;
		};
/* End PBXFrameworksBuildPhase section */

/* Begin PBXGroup section */
		A92161D82988401200FF2474 /* Frameworks */ = {
			isa = PBXGroup;
			children = (
				A92161D92988401200FF2474 /* UniformTypeIdentifiers.framework */,
			);
			name = Frameworks;
			sourceTree = "<group>";
		};
		A92161DB2988401200FF2474 /* GliderFileProvider */ = {
			isa = PBXGroup;
			children = (
				A9216207298847A300FF2474 /* Enumerators */,
				A92161DC2988401200FF2474 /* FileProviderExtension.swift */,
				A92161DE2988401200FF2474 /* FileProviderItem.swift */,
				A92161E02988401200FF2474 /* FileProviderEnumerator.swift */,
				A9216234298848AF00FF2474 /* FileMetadataCache.swift */,
				A92162012988446100FF2474 /* GliderClient.swift */,
				A92161E22988401200FF2474 /* Info.plist */,
				A92161E32988401200FF2474 /* GliderFileProvider.entitlements */,
			);
			path = GliderFileProvider;
			sourceTree = "<group>";
		};
		A92161E92988401200FF2474 /* GliderFileProviderUI */ = {
			isa = PBXGroup;
			children = (
				A92161EA2988401200FF2474 /* DocumentActionViewController.swift */,
				A92161EC2988401200FF2474 /* MainInterface.storyboard */,
				A92161EF2988401200FF2474 /* Info.plist */,
			);
			path = GliderFileProviderUI;
			sourceTree = "<group>";
		};
		A9216207298847A300FF2474 /* Enumerators */ = {
			isa = PBXGroup;
			children = (
				A9216208298847A300FF2474 /* ScanEnumerator.swift */,
				A9216209298847A300FF2474 /* ItemEnumerator.swift */,
			);
			path = Enumerators;
			sourceTree = "<group>";
		};
		A96EE37D28CFC64700D21360 = {
			isa = PBXGroup;
			children = (
				A96EE38828CFC64700D21360 /* Glider */,
				A92161DB2988401200FF2474 /* GliderFileProvider */,
				A92161E92988401200FF2474 /* GliderFileProviderUI */,
				A92161D82988401200FF2474 /* Frameworks */,
				A96EE38728CFC64700D21360 /* Products */,
			);
			sourceTree = "<group>";
		};
		A96EE38728CFC64700D21360 /* Products */ = {
			isa = PBXGroup;
			children = (
				A96EE38628CFC64700D21360 /* Glider.app */,
				A92161D72988401200FF2474 /* GliderFileProvider.appex */,
				A92161E82988401200FF2474 /* GliderFileProviderUI.appex */,
			);
			name = Products;
			sourceTree = "<group>";
		};
		A96EE38828CFC64700D21360 /* Glider */ = {
			isa = PBXGroup;
			children = (
				A9D530DE28D910A10056177D /* Info.plist */,
				A96EE38D28CFC64800D21360 /* Assets.xcassets */,
				A96EE38F28CFC64800D21360 /* Glider.entitlements */,
				A9AD161A28D8580E0050727A /* App */,
				A9AD162428D858D40050727A /* Models */,
				A9AD165528D85D850050727A /* Views */,
				A9AD162728D8592E0050727A /* AdafruitKit */,
				A9AD167B28D862B80050727A /* Utils */,
				A96EE39028CFC64800D21360 /* Preview Content */,
			);
			path = Glider;
			sourceTree = "<group>";
		};
		A96EE39028CFC64800D21360 /* Preview Content */ = {
			isa = PBXGroup;
			children = (
				A96EE39128CFC64800D21360 /* Preview Assets.xcassets */,
			);
			path = "Preview Content";
			sourceTree = "<group>";
		};
		A985BC5F28EB9948008A81FD /* Scanner */ = {
			isa = PBXGroup;
			children = (
				A985BC5D28EB98A4008A81FD /* BlePeripheralScanner.swift */,
				A985BC6328EC2FF0008A81FD /* BlePeripheralScannerFake.swift */,
				A985BC6528EC3036008A81FD /* BlePeripheralScannerImpl.swift */,
			);
			path = Scanner;
			sourceTree = "<group>";
		};
		A985BC6028EB994F008A81FD /* Peripheral */ = {
			isa = PBXGroup;
			children = (
				A985BC6128EB996C008A81FD /* BlePeripheral.swift */,
				A985BC6728EC69D2008A81FD /* BleAdvertisement.swift */,
				A985BC6928EC6A4E008A81FD /* BleAdvertisement+ManufacturerAdafruit.swift */,
				A940C70128EC78BB0017B277 /* SavedBondedBlePeripherals.swift */,
			);
			path = Peripheral;
			sourceTree = "<group>";
		};
		A9AD161A28D8580E0050727A /* App */ = {
			isa = PBXGroup;
			children = (
				A9AD161B28D8580E0050727A /* Config.swift */,
				A9AD161C28D8580E0050727A /* GliderApp.swift */,
				A9AD161D28D8580E0050727A /* AppDelegate.swift */,
				A9AD165328D85A3B0050727A /* AppContainer.swift */,
			);
			path = App;
			sourceTree = "<group>";
		};
		A9AD162428D858D40050727A /* Models */ = {
			isa = PBXGroup;
			children = (
				A9AD162528D858D40050727A /* LogManager.swift */,
				A9D5310128DA2AE70056177D /* TransmissionStatus.swift */,
				A98A1DFB299B0D34007102A8 /* DocumentPicker.swift */,
			);
			path = Models;
			sourceTree = "<group>";
		};
		A9AD162728D8592E0050727A /* AdafruitKit */ = {
			isa = PBXGroup;
			children = (
				A9D530E128D914A40056177D /* FileTransfer */,
				A9AD165A28D85F2A0050727A /* ConnectionManager.swift */,
				A9AD169628D8A6DC0050727A /* Ble */,
				A9AD169528D8A6D70050727A /* Wifi */,
				A9AD163428D8592E0050727A /* Utils */,
				A9AD169328D8A5A10050727A /* Peripheral.swift */,
			);
			path = AdafruitKit;
			sourceTree = "<group>";
		};
		A9AD163428D8592E0050727A /* Utils */ = {
			isa = PBXGroup;
			children = (
				A92161FD2988416400FF2474 /* Logger+Utils.swift */,
				A9AD167F28D862B80050727A /* Result+SimpleCheck.swift */,
				A9AD163E28D8592E0050727A /* FileTransferPathUtils.swift */,
				A9AD163528D8592E0050727A /* Data+LittleEndianTypes.swift */,
				A9AD163628D8592E0050727A /* String+DeletingPrefix.swift */,
				A9AD163728D8592E0050727A /* HexUtils.swift */,
				A9AD163828D8592E0050727A /* Int+Bytes.swift */,
				A9AD163928D8592E0050727A /* CommandQueue.swift */,
				A9AD163A28D8592E0050727A /* LogHelper.swift */,
				A9AD163B28D8592E0050727A /* Types+Data.swift */,
				A9AD163C28D8592E0050727A /* AppEnvironment.swift */,
				A9AD163D28D8592E0050727A /* Data+ScanValue.swift */,
			);
			path = Utils;
			sourceTree = "<group>";
		};
		A9AD165528D85D850050727A /* Views */ = {
			isa = PBXGroup;
			children = (
				A9AD165C28D860AE0050727A /* Decoration */,
				A9AD168628D8759D0050727A /* Modifiers */,
				A9AD167028D862A80050727A /* Utils */,
				A9AD165628D85D850050727A /* RootView.swift */,
				A9AD165828D85DF30050727A /* RootViewModel.swift */,
				A9AD166328D862070050727A /* ConnectedTabView.swift */,
				A9AD168F28D886110050727A /* PeripheralsView.swift */,
				A9AD169128D8A1610050727A /* PeripheralsViewModel.swift */,
				A9D530F728DA2A070056177D /* FileExplorerView.swift */,
				A9D530F828DA2A070056177D /* FileEditView.swift */,
				A9D530FD28DA2A820056177D /* FileEditViewModel.swift */,
				A9D5310928DA60750056177D /* FileSystemView.swift */,
				A9D530FC28DA2A820056177D /* FileSystemViewModel.swift */,
				A9D5310B28DA60A80056177D /* FileMoveView.swift */,
				A9D530FB28DA2A820056177D /* FileCommandsViewModel.swift */,
				A9D5310528DA2D800056177D /* FileCommandsStatusBarView.swift */,
				A9AD168B28D876490050727A /* LogView.swift */,
				A9AD168428D875780050727A /* TodoView.swift */,
			);
			path = Views;
			sourceTree = "<group>";
		};
		A9AD165C28D860AE0050727A /* Decoration */ = {
			isa = PBXGroup;
			children = (
				A9AD165D28D860AE0050727A /* WaveView.swift */,
				A9AD165E28D860AE0050727A /* ButtonStyles.swift */,
				A9AD165F28D860AE0050727A /* SnackBarView.swift */,
			);
			path = Decoration;
			sourceTree = "<group>";
		};
		A9AD167028D862A80050727A /* Utils */ = {
			isa = PBXGroup;
			children = (
				A9AD167128D862A80050727A /* SafeAreaInsetsEnvironmentValue.swift */,
				A9AD167228D862A80050727A /* ActivityViewController.swift */,
				A9AD167328D862A80050727A /* TextFieldAlert.swift */,
				A9AD167428D862A80050727A /* View+If.swift */,
				A9AD167528D862A80050727A /* HideKeyboard.swift */,
				A911751D28FE3D7B00F86706 /* NavigationBarColorModifier.swift */,
			);
			path = Utils;
			sourceTree = "<group>";
		};
		A9AD167B28D862B80050727A /* Utils */ = {
			isa = PBXGroup;
			children = (
				A9AD167C28D862B80050727A /* KeyboardUtils.swift */,
				A9AD167D28D862B80050727A /* UIColor+LightAndDark.swift */,
				A9AD167E28D862B80050727A /* FileProviderUtils.swift */,
				A9AD168D28D877C60050727A /* Application+KeyWindow.swift */,
			);
			path = Utils;
			sourceTree = "<group>";
		};
		A9AD168628D8759D0050727A /* Modifiers */ = {
			isa = PBXGroup;
			children = (
				A9AD168728D8759D0050727A /* LimitWidthOnRegularSizeClass.swift */,
				A9AD168828D8759D0050727A /* DefaultBackground.swift */,
			);
			path = Modifiers;
			sourceTree = "<group>";
		};
		A9AD169528D8A6D70050727A /* Wifi */ = {
			isa = PBXGroup;
			children = (
				A9D530EC28D9FC6B0056177D /* Peripheral */,
				A9D530EB28D9FC5D0056177D /* Model */,
				A9D530F228DA04A80056177D /* Network */,
				A9D530EA28D9FC510056177D /* Scanner */,
			);
			path = Wifi;
			sourceTree = "<group>";
		};
		A9AD169628D8A6DC0050727A /* Ble */ = {
			isa = PBXGroup;
			children = (
				A975B93D28EF24490039FE2F /* BleManager.swift */,
				A975B93F28EF3BAD0039FE2F /* BleManagerImpl.swift */,
				A985BC6028EB994F008A81FD /* Peripheral */,
				A985BC5F28EB9948008A81FD /* Scanner */,
				A975B94128EF3E3A0039FE2F /* BleManagerFake.swift */,
			);
			path = Ble;
			sourceTree = "<group>";
		};
		A9D530E128D914A40056177D /* FileTransfer */ = {
			isa = PBXGroup;
			children = (
				A9D530DF28D914990056177D /* Scanner.swift */,
				A9D530E228D985E90056177D /* WifiFileTransferPeripheral.swift */,
				A9D530E428D9861F0056177D /* FileTransferPeripheral.swift */,
				A9D530E628D987D10056177D /* DirectoryEntry.swift */,
				A9D530E828D98B060056177D /* FileTransferClient.swift */,
				A985BC6B28EC6AB8008A81FD /* BleFileTransferPeripheral.swift */,
				A940C70328EC91460017B277 /* BleDataProcessingQueue.swift */,
			);
			path = FileTransfer;
			sourceTree = "<group>";
		};
		A9D530EA28D9FC510056177D /* Scanner */ = {
			isa = PBXGroup;
			children = (
				A9D530D428D8E21C0056177D /* BonjourResolver.swift */,
				A9D530D528D8E21C0056177D /* BonjourScanner.swift */,
				A9D530DA28D8ED330056177D /* BonjourScannerFake.swift */,
				A9D530DC28D8ED430056177D /* BonjourScannerImpl.swift */,
				A9D530D228D8E21C0056177D /* HostNameResolver.swift */,
				A9D530D328D8E21C0056177D /* NWEndpoint+bonjourName.swift */,
			);
			path = Scanner;
			sourceTree = "<group>";
		};
		A9D530EB28D9FC5D0056177D /* Model */ = {
			isa = PBXGroup;
			children = (
				A9D530F028DA040F0056177D /* FileTransferWebApiVersion.swift */,
			);
			path = Model;
			sourceTree = "<group>";
		};
		A9D530EC28D9FC6B0056177D /* Peripheral */ = {
			isa = PBXGroup;
			children = (
				A9AD169728D8A6EA0050727A /* WifiPeripheral.swift */,
				A9D530F528DA10250056177D /* SavedSettingsWifiPeripherals.swift */,
			);
			path = Peripheral;
			sourceTree = "<group>";
		};
		A9D530F228DA04A80056177D /* Network */ = {
			isa = PBXGroup;
			children = (
				A9D530F328DA04B50056177D /* FileTransferJsonDeserializer.swift */,
				A985BC5928EAD506008A81FD /* FileTransferNetworkRouter.swift */,
				A985BC5B28EB10E3008A81FD /* FileTransferNetwork.swift */,
			);
			path = Network;
			sourceTree = "<group>";
		};
/* End PBXGroup section */

/* Begin PBXNativeTarget section */
		A92161D62988401200FF2474 /* GliderFileProvider */ = {
			isa = PBXNativeTarget;
			buildConfigurationList = A92161F92988401300FF2474 /* Build configuration list for PBXNativeTarget "GliderFileProvider" */;
			buildPhases = (
				A92161D32988401200FF2474 /* Sources */,
				A92161D42988401200FF2474 /* Frameworks */,
				A92161D52988401200FF2474 /* Resources */,
			);
			buildRules = (
			);
			dependencies = (
			);
			name = GliderFileProvider;
			packageProductDependencies = (
				A92162322988482300FF2474 /* SwiftyJSON */,
			);
			productName = GliderFileProvider;
			productReference = A92161D72988401200FF2474 /* GliderFileProvider.appex */;
			productType = "com.apple.product-type.app-extension";
		};
		A92161E72988401200FF2474 /* GliderFileProviderUI */ = {
			isa = PBXNativeTarget;
			buildConfigurationList = A92161F62988401300FF2474 /* Build configuration list for PBXNativeTarget "GliderFileProviderUI" */;
			buildPhases = (
				A92161E42988401200FF2474 /* Sources */,
				A92161E52988401200FF2474 /* Frameworks */,
				A92161E62988401200FF2474 /* Resources */,
			);
			buildRules = (
			);
			dependencies = (
			);
			name = GliderFileProviderUI;
			productName = GliderFileProviderUI;
			productReference = A92161E82988401200FF2474 /* GliderFileProviderUI.appex */;
			productType = "com.apple.product-type.app-extension";
		};
		A96EE38528CFC64700D21360 /* Glider */ = {
			isa = PBXNativeTarget;
			buildConfigurationList = A96EE39528CFC64800D21360 /* Build configuration list for PBXNativeTarget "Glider" */;
			buildPhases = (
				A96EE38228CFC64700D21360 /* Sources */,
				A96EE38328CFC64700D21360 /* Frameworks */,
				A96EE38428CFC64700D21360 /* Resources */,
				A92161FC2988401300FF2474 /* Embed Foundation Extensions */,
			);
			buildRules = (
			);
			dependencies = (
				A92161F12988401200FF2474 /* PBXTargetDependency */,
				A92161F42988401200FF2474 /* PBXTargetDependency */,
			);
			name = Glider;
			packageProductDependencies = (
				A9D530EE28DA03D70056177D /* SwiftyJSON */,
			);
			productName = Glider;
			productReference = A96EE38628CFC64700D21360 /* Glider.app */;
			productType = "com.apple.product-type.application";
		};
/* End PBXNativeTarget section */

/* Begin PBXProject section */
		A96EE37E28CFC64700D21360 /* Project object */ = {
			isa = PBXProject;
			attributes = {
				BuildIndependentTargetsInParallel = 1;
				LastSwiftUpdateCheck = 1420;
				LastUpgradeCheck = 1410;
				TargetAttributes = {
					A92161D62988401200FF2474 = {
						CreatedOnToolsVersion = 14.2;
					};
					A92161E72988401200FF2474 = {
						CreatedOnToolsVersion = 14.2;
					};
					A96EE38528CFC64700D21360 = {
						CreatedOnToolsVersion = 14.0;
					};
				};
			};
			buildConfigurationList = A96EE38128CFC64700D21360 /* Build configuration list for PBXProject "Glider" */;
			compatibilityVersion = "Xcode 14.0";
			developmentRegion = en;
			hasScannedForEncodings = 0;
			knownRegions = (
				en,
				Base,
			);
			mainGroup = A96EE37D28CFC64700D21360;
			packageReferences = (
				A9D530ED28DA03D70056177D /* XCRemoteSwiftPackageReference "SwiftyJSON" */,
			);
			productRefGroup = A96EE38728CFC64700D21360 /* Products */;
			projectDirPath = "";
			projectRoot = "";
			targets = (
				A96EE38528CFC64700D21360 /* Glider */,
				A92161D62988401200FF2474 /* GliderFileProvider */,
				A92161E72988401200FF2474 /* GliderFileProviderUI */,
			);
		};
/* End PBXProject section */

/* Begin PBXResourcesBuildPhase section */
		A92161D52988401200FF2474 /* Resources */ = {
			isa = PBXResourcesBuildPhase;
			buildActionMask = 2147483647;
			files = (
			);
			runOnlyForDeploymentPostprocessing = 0;
		};
		A92161E62988401200FF2474 /* Resources */ = {
			isa = PBXResourcesBuildPhase;
			buildActionMask = 2147483647;
			files = (
				A92161EE2988401200FF2474 /* MainInterface.storyboard in Resources */,
			);
			runOnlyForDeploymentPostprocessing = 0;
		};
		A96EE38428CFC64700D21360 /* Resources */ = {
			isa = PBXResourcesBuildPhase;
			buildActionMask = 2147483647;
			files = (
				A96EE39228CFC64800D21360 /* Preview Assets.xcassets in Resources */,
				A96EE38E28CFC64800D21360 /* Assets.xcassets in Resources */,
			);
			runOnlyForDeploymentPostprocessing = 0;
		};
/* End PBXResourcesBuildPhase section */

/* Begin PBXSourcesBuildPhase section */
		A92161D32988401200FF2474 /* Sources */ = {
			isa = PBXSourcesBuildPhase;
			buildActionMask = 2147483647;
			files = (
				A98A1DFD299BA879007102A8 /* LogManager.swift in Sources */,
				A9216219298847F000FF2474 /* BonjourScanner.swift in Sources */,
				A92162302988480C00FF2474 /* FileTransferPeripheral.swift in Sources */,
				A921620C298847B800FF2474 /* PeripheralsViewModel.swift in Sources */,
				A9216200298841BA00FF2474 /* AppEnvironment.swift in Sources */,
				A9216220298847F000FF2474 /* FileTransferWebApiVersion.swift in Sources */,
				A9216211298847F000FF2474 /* WifiPeripheral.swift in Sources */,
				A9216221298847F000FF2474 /* SavedBondedBlePeripherals.swift in Sources */,
				A921620A298847A300FF2474 /* ScanEnumerator.swift in Sources */,
				A92162312988480C00FF2474 /* Scanner.swift in Sources */,
				A921620F298847F000FF2474 /* BonjourScannerFake.swift in Sources */,
				A9216216298847F000FF2474 /* FileTransferJsonDeserializer.swift in Sources */,
				A921621D298847F000FF2474 /* BonjourResolver.swift in Sources */,
				A921621A298847F000FF2474 /* BonjourScannerImpl.swift in Sources */,
				A98A1DF729916D66007102A8 /* AppContainer.swift in Sources */,
				A921620D298847C900FF2474 /* ConnectionManager.swift in Sources */,
				A9216204298844EF00FF2474 /* FileTransferPathUtils.swift in Sources */,
				A9216218298847F000FF2474 /* FileTransferNetwork.swift in Sources */,
				A9216214298847F000FF2474 /* BleManagerFake.swift in Sources */,
				A9216206298845E100FF2474 /* DirectoryEntry.swift in Sources */,
				A9216229298847F000FF2474 /* BleAdvertisement+ManufacturerAdafruit.swift in Sources */,
				A92162022988446100FF2474 /* GliderClient.swift in Sources */,
				A9216227298847F000FF2474 /* BlePeripheralScannerFake.swift in Sources */,
				A92161DD2988401200FF2474 /* FileProviderExtension.swift in Sources */,
				A9216228298847F000FF2474 /* NWEndpoint+bonjourName.swift in Sources */,
				A92162032988448100FF2474 /* LogHelper.swift in Sources */,
				A921622F2988480C00FF2474 /* BleDataProcessingQueue.swift in Sources */,
				A9216235298848AF00FF2474 /* FileMetadataCache.swift in Sources */,
				A9216223298847F000FF2474 /* Peripheral.swift in Sources */,
				A92161FF298841AB00FF2474 /* Logger+Utils.swift in Sources */,
				A9216210298847F000FF2474 /* Data+LittleEndianTypes.swift in Sources */,
				A921620B298847A300FF2474 /* ItemEnumerator.swift in Sources */,
				A9216226298847F000FF2474 /* Types+Data.swift in Sources */,
				A921622E2988480C00FF2474 /* BleFileTransferPeripheral.swift in Sources */,
				A921622D2988480C00FF2474 /* FileTransferClient.swift in Sources */,
				A921622B298847F000FF2474 /* BleAdvertisement.swift in Sources */,
				A9216215298847F000FF2474 /* BlePeripheral.swift in Sources */,
				A921621C298847F000FF2474 /* SavedSettingsWifiPeripherals.swift in Sources */,
				A921621F298847F000FF2474 /* Data+ScanValue.swift in Sources */,
				A98A1DF829916D74007102A8 /* Config.swift in Sources */,
				A9216222298847F000FF2474 /* FileTransferNetworkRouter.swift in Sources */,
				A921621E298847F000FF2474 /* BlePeripheralScanner.swift in Sources */,
				A921622A298847F000FF2474 /* BlePeripheralScannerImpl.swift in Sources */,
				A9216217298847F000FF2474 /* BleManager.swift in Sources */,
				A921622C2988480C00FF2474 /* WifiFileTransferPeripheral.swift in Sources */,
				A9216205298845CE00FF2474 /* String+DeletingPrefix.swift in Sources */,
				A9216212298847F000FF2474 /* Int+Bytes.swift in Sources */,
				A92161DF2988401200FF2474 /* FileProviderItem.swift in Sources */,
				A9216213298847F000FF2474 /* Result+SimpleCheck.swift in Sources */,
				A921620E298847F000FF2474 /* CommandQueue.swift in Sources */,
				A92161E12988401200FF2474 /* FileProviderEnumerator.swift in Sources */,
				A9216225298847F000FF2474 /* HexUtils.swift in Sources */,
				A9216224298847F000FF2474 /* HostNameResolver.swift in Sources */,
				A921621B298847F000FF2474 /* BleManagerImpl.swift in Sources */,
			);
			runOnlyForDeploymentPostprocessing = 0;
		};
		A92161E42988401200FF2474 /* Sources */ = {
			isa = PBXSourcesBuildPhase;
			buildActionMask = 2147483647;
			files = (
				A92161EB2988401200FF2474 /* DocumentActionViewController.swift in Sources */,
			);
			runOnlyForDeploymentPostprocessing = 0;
		};
		A96EE38228CFC64700D21360 /* Sources */ = {
			isa = PBXSourcesBuildPhase;
			buildActionMask = 2147483647;
			files = (
				A9D530E028D914990056177D /* Scanner.swift in Sources */,
				A985BC6228EB996C008A81FD /* BlePeripheral.swift in Sources */,
				A9D530E528D9861F0056177D /* FileTransferPeripheral.swift in Sources */,
				A9D530E728D987D10056177D /* DirectoryEntry.swift in Sources */,
				A9AD162628D858D40050727A /* LogManager.swift in Sources */,
				A9D530DB28D8ED330056177D /* BonjourScannerFake.swift in Sources */,
				A9D530E928D98B060056177D /* FileTransferClient.swift in Sources */,
				A9AD164828D8592E0050727A /* Data+LittleEndianTypes.swift in Sources */,
				A9AD165928D85DF30050727A /* RootViewModel.swift in Sources */,
				A9AD162228D8584C0050727A /* AppDelegate.swift in Sources */,
				A9D5310228DA2AE70056177D /* TransmissionStatus.swift in Sources */,
				A9AD165B28D85F2A0050727A /* ConnectionManager.swift in Sources */,
				A985BC6628EC3036008A81FD /* BlePeripheralScannerImpl.swift in Sources */,
				A9AD162128D858460050727A /* Config.swift in Sources */,
				A9AD168928D8759D0050727A /* LimitWidthOnRegularSizeClass.swift in Sources */,
				A9D530F428DA04B50056177D /* FileTransferJsonDeserializer.swift in Sources */,
				A9AD168A28D8759D0050727A /* DefaultBackground.swift in Sources */,
				A9D530D928D8E21C0056177D /* BonjourScanner.swift in Sources */,
				A9AD167828D862A80050727A /* TextFieldAlert.swift in Sources */,
				A9AD168C28D876490050727A /* LogView.swift in Sources */,
				A9D5310C28DA60A80056177D /* FileMoveView.swift in Sources */,
				A9D5310728DA2D970056177D /* FileEditView.swift in Sources */,
				A985BC6C28EC6AB8008A81FD /* BleFileTransferPeripheral.swift in Sources */,
				A92161FE2988416400FF2474 /* Logger+Utils.swift in Sources */,
				A9D5310A28DA60750056177D /* FileSystemView.swift in Sources */,
				A9AD169828D8A6EA0050727A /* WifiPeripheral.swift in Sources */,
				A9AD166428D862070050727A /* ConnectedTabView.swift in Sources */,
				A9AD164928D8592E0050727A /* String+DeletingPrefix.swift in Sources */,
				A98A1DFC299B0D34007102A8 /* DocumentPicker.swift in Sources */,
				A9AD164F28D8592E0050727A /* AppEnvironment.swift in Sources */,
				A985BC6828EC69D2008A81FD /* BleAdvertisement.swift in Sources */,
				A940C70228EC78BB0017B277 /* SavedBondedBlePeripherals.swift in Sources */,
				A9AD167728D862A80050727A /* ActivityViewController.swift in Sources */,
				A985BC6A28EC6A4E008A81FD /* BleAdvertisement+ManufacturerAdafruit.swift in Sources */,
				A975B93E28EF24490039FE2F /* BleManager.swift in Sources */,
				A9AD168028D862B80050727A /* KeyboardUtils.swift in Sources */,
				A9D530DD28D8ED430056177D /* BonjourScannerImpl.swift in Sources */,
				A9AD164B28D8592E0050727A /* Int+Bytes.swift in Sources */,
				A9AD168228D862B80050727A /* FileProviderUtils.swift in Sources */,
				A9AD167A28D862A80050727A /* HideKeyboard.swift in Sources */,
				A911751E28FE3D7B00F86706 /* NavigationBarColorModifier.swift in Sources */,
				A9D5310428DA2D510056177D /* FileEditViewModel.swift in Sources */,
				A9AD169028D886110050727A /* PeripheralsView.swift in Sources */,
				A9D5310328DA2CA80056177D /* FileSystemViewModel.swift in Sources */,
				A9AD167928D862A80050727A /* View+If.swift in Sources */,
				A975B94228EF3E3A0039FE2F /* BleManagerFake.swift in Sources */,
				A9AD167628D862A80050727A /* SafeAreaInsetsEnvironmentValue.swift in Sources */,
				A9AD165028D8592E0050727A /* Data+ScanValue.swift in Sources */,
				A9AD168E28D877C60050727A /* Application+KeyWindow.swift in Sources */,
				A9AD168128D862B80050727A /* UIColor+LightAndDark.swift in Sources */,
				A9AD166228D860AE0050727A /* SnackBarView.swift in Sources */,
				A985BC6428EC2FF0008A81FD /* BlePeripheralScannerFake.swift in Sources */,
				A9AD164D28D8592E0050727A /* LogHelper.swift in Sources */,
				A98CE9F628E2F17800795BC7 /* FileExplorerView.swift in Sources */,
				A9D530D828D8E21C0056177D /* BonjourResolver.swift in Sources */,
				A985BC5C28EB10E3008A81FD /* FileTransferNetwork.swift in Sources */,
				A9AD168528D875780050727A /* TodoView.swift in Sources */,
				A9AD166128D860AE0050727A /* ButtonStyles.swift in Sources */,
				A985BC5E28EB98A4008A81FD /* BlePeripheralScanner.swift in Sources */,
				A9AD165128D8592E0050727A /* FileTransferPathUtils.swift in Sources */,
				A9D5310628DA2D800056177D /* FileCommandsStatusBarView.swift in Sources */,
				A9AD165428D85A3B0050727A /* AppContainer.swift in Sources */,
				A9AD164E28D8592E0050727A /* Types+Data.swift in Sources */,
				A9AD164A28D8592E0050727A /* HexUtils.swift in Sources */,
				A9D530E328D985E90056177D /* WifiFileTransferPeripheral.swift in Sources */,
				A9AD166028D860AE0050727A /* WaveView.swift in Sources */,
				A9D530D728D8E21C0056177D /* NWEndpoint+bonjourName.swift in Sources */,
				A940C70428EC91460017B277 /* BleDataProcessingQueue.swift in Sources */,
				A9D530FF28DA2A820056177D /* FileCommandsViewModel.swift in Sources */,
				A9AD162328D858760050727A /* GliderApp.swift in Sources */,
				A9AD168328D862B80050727A /* Result+SimpleCheck.swift in Sources */,
				A9AD169228D8A1610050727A /* PeripheralsViewModel.swift in Sources */,
				A985BC5A28EAD506008A81FD /* FileTransferNetworkRouter.swift in Sources */,
				A9D530D628D8E21C0056177D /* HostNameResolver.swift in Sources */,
				A9AD164C28D8592E0050727A /* CommandQueue.swift in Sources */,
				A9D530F128DA040F0056177D /* FileTransferWebApiVersion.swift in Sources */,
				A9AD169428D8A5A10050727A /* Peripheral.swift in Sources */,
				A9AD165728D85D850050727A /* RootView.swift in Sources */,
				A9D530F628DA10250056177D /* SavedSettingsWifiPeripherals.swift in Sources */,
				A975B94028EF3BAD0039FE2F /* BleManagerImpl.swift in Sources */,
			);
			runOnlyForDeploymentPostprocessing = 0;
		};
/* End PBXSourcesBuildPhase section */

/* Begin PBXTargetDependency section */
		A92161F12988401200FF2474 /* PBXTargetDependency */ = {
			isa = PBXTargetDependency;
			target = A92161E72988401200FF2474 /* GliderFileProviderUI */;
			targetProxy = A92161F02988401200FF2474 /* PBXContainerItemProxy */;
		};
		A92161F42988401200FF2474 /* PBXTargetDependency */ = {
			isa = PBXTargetDependency;
			target = A92161D62988401200FF2474 /* GliderFileProvider */;
			targetProxy = A92161F32988401200FF2474 /* PBXContainerItemProxy */;
		};
/* End PBXTargetDependency section */

/* Begin PBXVariantGroup section */
		A92161EC2988401200FF2474 /* MainInterface.storyboard */ = {
			isa = PBXVariantGroup;
			children = (
				A92161ED2988401200FF2474 /* Base */,
			);
			name = MainInterface.storyboard;
			sourceTree = "<group>";
		};
/* End PBXVariantGroup section */

/* Begin XCBuildConfiguration section */
		A92161F72988401300FF2474 /* Debug */ = {
			isa = XCBuildConfiguration;
			buildSettings = {
				CODE_SIGN_IDENTITY = "-";
				"CODE_SIGN_IDENTITY[sdk=iphoneos*]" = "Apple Development";
				"CODE_SIGN_IDENTITY[sdk=macosx*]" = "Apple Development";
				CODE_SIGN_STYLE = Automatic;
				CURRENT_PROJECT_VERSION = 4;
				DEVELOPMENT_TEAM = 2X94RM7457;
				GENERATE_INFOPLIST_FILE = YES;
				INFOPLIST_FILE = GliderFileProviderUI/Info.plist;
				INFOPLIST_KEY_CFBundleDisplayName = GliderFileProviderUI;
				INFOPLIST_KEY_NSHumanReadableCopyright = "";
				IPHONEOS_DEPLOYMENT_TARGET = 16.2;
				LD_RUNPATH_SEARCH_PATHS = (
					"$(inherited)",
					"@executable_path/Frameworks",
					"@executable_path/../../Frameworks",
				);
				MARKETING_VERSION = 2.0.0;
				PRODUCT_BUNDLE_IDENTIFIER = com.adafruit.Glider.GliderFileProviderUI;
				PRODUCT_NAME = "$(TARGET_NAME)";
				SDKROOT = iphoneos;
				SKIP_INSTALL = YES;
				SWIFT_EMIT_LOC_STRINGS = YES;
				SWIFT_VERSION = 5.0;
				TARGETED_DEVICE_FAMILY = "1,2";
			};
			name = Debug;
		};
		A92161F82988401300FF2474 /* Release */ = {
			isa = XCBuildConfiguration;
			buildSettings = {
				CODE_SIGN_IDENTITY = "-";
				"CODE_SIGN_IDENTITY[sdk=iphoneos*]" = "Apple Development";
				"CODE_SIGN_IDENTITY[sdk=macosx*]" = "Apple Development";
				CODE_SIGN_STYLE = Automatic;
				CURRENT_PROJECT_VERSION = 4;
				DEVELOPMENT_TEAM = 2X94RM7457;
				GENERATE_INFOPLIST_FILE = YES;
				INFOPLIST_FILE = GliderFileProviderUI/Info.plist;
				INFOPLIST_KEY_CFBundleDisplayName = GliderFileProviderUI;
				INFOPLIST_KEY_NSHumanReadableCopyright = "";
				IPHONEOS_DEPLOYMENT_TARGET = 16.2;
				LD_RUNPATH_SEARCH_PATHS = (
					"$(inherited)",
					"@executable_path/Frameworks",
					"@executable_path/../../Frameworks",
				);
				MARKETING_VERSION = 2.0.0;
				PRODUCT_BUNDLE_IDENTIFIER = com.adafruit.Glider.GliderFileProviderUI;
				PRODUCT_NAME = "$(TARGET_NAME)";
				SDKROOT = iphoneos;
				SKIP_INSTALL = YES;
				SWIFT_EMIT_LOC_STRINGS = YES;
				SWIFT_VERSION = 5.0;
				TARGETED_DEVICE_FAMILY = "1,2";
				VALIDATE_PRODUCT = YES;
			};
			name = Release;
		};
		A92161FA2988401300FF2474 /* Debug */ = {
			isa = XCBuildConfiguration;
			buildSettings = {
				CODE_SIGN_ENTITLEMENTS = GliderFileProvider/GliderFileProvider.entitlements;
				CODE_SIGN_IDENTITY = "-";
				"CODE_SIGN_IDENTITY[sdk=iphoneos*]" = "Apple Development";
				"CODE_SIGN_IDENTITY[sdk=macosx*]" = "Apple Development";
				CODE_SIGN_STYLE = Automatic;
				CURRENT_PROJECT_VERSION = 4;
				DEVELOPMENT_TEAM = 2X94RM7457;
				GENERATE_INFOPLIST_FILE = YES;
				INFOPLIST_FILE = GliderFileProvider/Info.plist;
				INFOPLIST_KEY_CFBundleDisplayName = "File Glider";
				INFOPLIST_KEY_NSBluetoothAlwaysUsageDescription = "This app needs access to Bluetooth to connect to Adafruit devices";
				INFOPLIST_KEY_NSHumanReadableCopyright = "";
				INFOPLIST_KEY_NSLocalNetworkUsageDescription = "This app needs network access to search for Multicast services";
				IPHONEOS_DEPLOYMENT_TARGET = 16.2;
				LD_RUNPATH_SEARCH_PATHS = (
					"$(inherited)",
					"@executable_path/Frameworks",
					"@executable_path/../../Frameworks",
				);
				MARKETING_VERSION = 2.0.0;
				PRODUCT_BUNDLE_IDENTIFIER = com.adafruit.Glider.GliderFileProvider;
				PRODUCT_NAME = "$(TARGET_NAME)";
				SDKROOT = iphoneos;
				SKIP_INSTALL = YES;
				SWIFT_ACTIVE_COMPILATION_CONDITIONS = "DEBUG FILEPROVIDER";
				SWIFT_EMIT_LOC_STRINGS = YES;
				SWIFT_VERSION = 5.0;
				TARGETED_DEVICE_FAMILY = "1,2";
			};
			name = Debug;
		};
		A92161FB2988401300FF2474 /* Release */ = {
			isa = XCBuildConfiguration;
			buildSettings = {
				CODE_SIGN_ENTITLEMENTS = GliderFileProvider/GliderFileProvider.entitlements;
				CODE_SIGN_IDENTITY = "-";
				"CODE_SIGN_IDENTITY[sdk=iphoneos*]" = "Apple Development";
				"CODE_SIGN_IDENTITY[sdk=macosx*]" = "Apple Development";
				CODE_SIGN_STYLE = Automatic;
				CURRENT_PROJECT_VERSION = 4;
				DEVELOPMENT_TEAM = 2X94RM7457;
				GENERATE_INFOPLIST_FILE = YES;
				INFOPLIST_FILE = GliderFileProvider/Info.plist;
				INFOPLIST_KEY_CFBundleDisplayName = "File Glider";
				INFOPLIST_KEY_NSBluetoothAlwaysUsageDescription = "This app needs access to Bluetooth to connect to Adafruit devices";
				INFOPLIST_KEY_NSHumanReadableCopyright = "";
				INFOPLIST_KEY_NSLocalNetworkUsageDescription = "This app needs network access to search for Multicast services";
				IPHONEOS_DEPLOYMENT_TARGET = 16.2;
				LD_RUNPATH_SEARCH_PATHS = (
					"$(inherited)",
					"@executable_path/Frameworks",
					"@executable_path/../../Frameworks",
				);
				MARKETING_VERSION = 2.0.0;
				PRODUCT_BUNDLE_IDENTIFIER = com.adafruit.Glider.GliderFileProvider;
				PRODUCT_NAME = "$(TARGET_NAME)";
				SDKROOT = iphoneos;
				SKIP_INSTALL = YES;
				SWIFT_ACTIVE_COMPILATION_CONDITIONS = FILEPROVIDER;
				SWIFT_EMIT_LOC_STRINGS = YES;
				SWIFT_VERSION = 5.0;
				TARGETED_DEVICE_FAMILY = "1,2";
				VALIDATE_PRODUCT = YES;
			};
			name = Release;
		};
		A96EE39328CFC64800D21360 /* Debug */ = {
			isa = XCBuildConfiguration;
			buildSettings = {
				ALWAYS_SEARCH_USER_PATHS = NO;
				CLANG_ANALYZER_NONNULL = YES;
				CLANG_ANALYZER_NUMBER_OBJECT_CONVERSION = YES_AGGRESSIVE;
				CLANG_CXX_LANGUAGE_STANDARD = "gnu++20";
				CLANG_ENABLE_MODULES = YES;
				CLANG_ENABLE_OBJC_ARC = YES;
				CLANG_ENABLE_OBJC_WEAK = YES;
				CLANG_WARN_BLOCK_CAPTURE_AUTORELEASING = YES;
				CLANG_WARN_BOOL_CONVERSION = YES;
				CLANG_WARN_COMMA = YES;
				CLANG_WARN_CONSTANT_CONVERSION = YES;
				CLANG_WARN_DEPRECATED_OBJC_IMPLEMENTATIONS = YES;
				CLANG_WARN_DIRECT_OBJC_ISA_USAGE = YES_ERROR;
				CLANG_WARN_DOCUMENTATION_COMMENTS = YES;
				CLANG_WARN_EMPTY_BODY = YES;
				CLANG_WARN_ENUM_CONVERSION = YES;
				CLANG_WARN_INFINITE_RECURSION = YES;
				CLANG_WARN_INT_CONVERSION = YES;
				CLANG_WARN_NON_LITERAL_NULL_CONVERSION = YES;
				CLANG_WARN_OBJC_IMPLICIT_RETAIN_SELF = YES;
				CLANG_WARN_OBJC_LITERAL_CONVERSION = YES;
				CLANG_WARN_OBJC_ROOT_CLASS = YES_ERROR;
				CLANG_WARN_QUOTED_INCLUDE_IN_FRAMEWORK_HEADER = YES;
				CLANG_WARN_RANGE_LOOP_ANALYSIS = YES;
				CLANG_WARN_STRICT_PROTOTYPES = YES;
				CLANG_WARN_SUSPICIOUS_MOVE = YES;
				CLANG_WARN_UNGUARDED_AVAILABILITY = YES_AGGRESSIVE;
				CLANG_WARN_UNREACHABLE_CODE = YES;
				CLANG_WARN__DUPLICATE_METHOD_MATCH = YES;
				COPY_PHASE_STRIP = NO;
				DEAD_CODE_STRIPPING = YES;
				DEBUG_INFORMATION_FORMAT = dwarf;
				ENABLE_STRICT_OBJC_MSGSEND = YES;
				ENABLE_TESTABILITY = YES;
				GCC_C_LANGUAGE_STANDARD = gnu11;
				GCC_DYNAMIC_NO_PIC = NO;
				GCC_NO_COMMON_BLOCKS = YES;
				GCC_OPTIMIZATION_LEVEL = 0;
				GCC_PREPROCESSOR_DEFINITIONS = (
					"DEBUG=1",
					"$(inherited)",
				);
				GCC_WARN_64_TO_32_BIT_CONVERSION = YES;
				GCC_WARN_ABOUT_RETURN_TYPE = YES_ERROR;
				GCC_WARN_UNDECLARED_SELECTOR = YES;
				GCC_WARN_UNINITIALIZED_AUTOS = YES_AGGRESSIVE;
				GCC_WARN_UNUSED_FUNCTION = YES;
				GCC_WARN_UNUSED_VARIABLE = YES;
				MTL_ENABLE_DEBUG_INFO = INCLUDE_SOURCE;
				MTL_FAST_MATH = YES;
				ONLY_ACTIVE_ARCH = YES;
				SWIFT_ACTIVE_COMPILATION_CONDITIONS = DEBUG;
				SWIFT_OPTIMIZATION_LEVEL = "-Onone";
			};
			name = Debug;
		};
		A96EE39428CFC64800D21360 /* Release */ = {
			isa = XCBuildConfiguration;
			buildSettings = {
				ALWAYS_SEARCH_USER_PATHS = NO;
				CLANG_ANALYZER_NONNULL = YES;
				CLANG_ANALYZER_NUMBER_OBJECT_CONVERSION = YES_AGGRESSIVE;
				CLANG_CXX_LANGUAGE_STANDARD = "gnu++20";
				CLANG_ENABLE_MODULES = YES;
				CLANG_ENABLE_OBJC_ARC = YES;
				CLANG_ENABLE_OBJC_WEAK = YES;
				CLANG_WARN_BLOCK_CAPTURE_AUTORELEASING = YES;
				CLANG_WARN_BOOL_CONVERSION = YES;
				CLANG_WARN_COMMA = YES;
				CLANG_WARN_CONSTANT_CONVERSION = YES;
				CLANG_WARN_DEPRECATED_OBJC_IMPLEMENTATIONS = YES;
				CLANG_WARN_DIRECT_OBJC_ISA_USAGE = YES_ERROR;
				CLANG_WARN_DOCUMENTATION_COMMENTS = YES;
				CLANG_WARN_EMPTY_BODY = YES;
				CLANG_WARN_ENUM_CONVERSION = YES;
				CLANG_WARN_INFINITE_RECURSION = YES;
				CLANG_WARN_INT_CONVERSION = YES;
				CLANG_WARN_NON_LITERAL_NULL_CONVERSION = YES;
				CLANG_WARN_OBJC_IMPLICIT_RETAIN_SELF = YES;
				CLANG_WARN_OBJC_LITERAL_CONVERSION = YES;
				CLANG_WARN_OBJC_ROOT_CLASS = YES_ERROR;
				CLANG_WARN_QUOTED_INCLUDE_IN_FRAMEWORK_HEADER = YES;
				CLANG_WARN_RANGE_LOOP_ANALYSIS = YES;
				CLANG_WARN_STRICT_PROTOTYPES = YES;
				CLANG_WARN_SUSPICIOUS_MOVE = YES;
				CLANG_WARN_UNGUARDED_AVAILABILITY = YES_AGGRESSIVE;
				CLANG_WARN_UNREACHABLE_CODE = YES;
				CLANG_WARN__DUPLICATE_METHOD_MATCH = YES;
				COPY_PHASE_STRIP = NO;
				DEAD_CODE_STRIPPING = YES;
				DEBUG_INFORMATION_FORMAT = "dwarf-with-dsym";
				ENABLE_NS_ASSERTIONS = NO;
				ENABLE_STRICT_OBJC_MSGSEND = YES;
				GCC_C_LANGUAGE_STANDARD = gnu11;
				GCC_NO_COMMON_BLOCKS = YES;
				GCC_WARN_64_TO_32_BIT_CONVERSION = YES;
				GCC_WARN_ABOUT_RETURN_TYPE = YES_ERROR;
				GCC_WARN_UNDECLARED_SELECTOR = YES;
				GCC_WARN_UNINITIALIZED_AUTOS = YES_AGGRESSIVE;
				GCC_WARN_UNUSED_FUNCTION = YES;
				GCC_WARN_UNUSED_VARIABLE = YES;
				MTL_ENABLE_DEBUG_INFO = NO;
				MTL_FAST_MATH = YES;
				SWIFT_COMPILATION_MODE = wholemodule;
				SWIFT_OPTIMIZATION_LEVEL = "-O";
			};
			name = Release;
		};
		A96EE39628CFC64800D21360 /* Debug */ = {
			isa = XCBuildConfiguration;
			buildSettings = {
				ALWAYS_EMBED_SWIFT_STANDARD_LIBRARIES = YES;
				ASSETCATALOG_COMPILER_APPICON_NAME = AppIcon;
				ASSETCATALOG_COMPILER_GLOBAL_ACCENT_COLOR_NAME = AccentColor;
				CODE_SIGN_ENTITLEMENTS = Glider/Glider.entitlements;
				CODE_SIGN_IDENTITY = "-";
				"CODE_SIGN_IDENTITY[sdk=iphoneos*]" = "Apple Development";
				"CODE_SIGN_IDENTITY[sdk=macosx*]" = "Apple Development";
				CODE_SIGN_STYLE = Automatic;
				CURRENT_PROJECT_VERSION = 4;
				DEAD_CODE_STRIPPING = YES;
				DEVELOPMENT_ASSET_PATHS = "\"Glider/Preview Content\"";
				DEVELOPMENT_TEAM = 2X94RM7457;
				ENABLE_HARDENED_RUNTIME = YES;
				ENABLE_PREVIEWS = YES;
				GENERATE_INFOPLIST_FILE = YES;
				INFOPLIST_FILE = Glider/Info.plist;
				INFOPLIST_KEY_CFBundleDisplayName = "";
				INFOPLIST_KEY_LSApplicationCategoryType = "public.app-category.utilities";
				INFOPLIST_KEY_NSBluetoothAlwaysUsageDescription = "This app needs access to Bluetooth to connect to Adafruit devices";
				INFOPLIST_KEY_NSBluetoothPeripheralUsageDescription = "This app needs access to Bluetooth to connect to Adafruit devices";
				INFOPLIST_KEY_NSLocalNetworkUsageDescription = "This app needs network access to search for Multicast services";
				"INFOPLIST_KEY_UIApplicationSceneManifest_Generation[sdk=iphoneos*]" = YES;
				"INFOPLIST_KEY_UIApplicationSceneManifest_Generation[sdk=iphonesimulator*]" = YES;
				"INFOPLIST_KEY_UIApplicationSupportsIndirectInputEvents[sdk=iphoneos*]" = YES;
				"INFOPLIST_KEY_UIApplicationSupportsIndirectInputEvents[sdk=iphonesimulator*]" = YES;
				"INFOPLIST_KEY_UILaunchScreen_Generation[sdk=iphoneos*]" = YES;
				"INFOPLIST_KEY_UILaunchScreen_Generation[sdk=iphonesimulator*]" = YES;
				INFOPLIST_KEY_UIStatusBarHidden = YES;
				INFOPLIST_KEY_UIStatusBarStyle = UIStatusBarStyleDarkContent;
				"INFOPLIST_KEY_UIStatusBarStyle[sdk=iphoneos*]" = UIStatusBarStyleDefault;
				"INFOPLIST_KEY_UIStatusBarStyle[sdk=iphonesimulator*]" = UIStatusBarStyleDefault;
				INFOPLIST_KEY_UISupportedInterfaceOrientations_iPad = "UIInterfaceOrientationPortrait UIInterfaceOrientationPortraitUpsideDown UIInterfaceOrientationLandscapeLeft UIInterfaceOrientationLandscapeRight";
				INFOPLIST_KEY_UISupportedInterfaceOrientations_iPhone = "UIInterfaceOrientationPortrait UIInterfaceOrientationLandscapeLeft UIInterfaceOrientationLandscapeRight";
				INFOPLIST_KEY_UIUserInterfaceStyle = Light;
				IPHONEOS_DEPLOYMENT_TARGET = 15.0;
				LD_RUNPATH_SEARCH_PATHS = "@executable_path/Frameworks";
				"LD_RUNPATH_SEARCH_PATHS[sdk=macosx*]" = "@executable_path/../Frameworks";
				MACOSX_DEPLOYMENT_TARGET = 12.3;
				MARKETING_VERSION = 2.0.0;
				PRODUCT_BUNDLE_IDENTIFIER = com.adafruit.Glider;
				PRODUCT_NAME = "$(TARGET_NAME)";
				SDKROOT = auto;
				SUPPORTED_PLATFORMS = "iphoneos iphonesimulator macosx";
				SWIFT_EMIT_LOC_STRINGS = YES;
				SWIFT_VERSION = 5.0;
				TARGETED_DEVICE_FAMILY = "1,2";
			};
			name = Debug;
		};
		A96EE39728CFC64800D21360 /* Release */ = {
			isa = XCBuildConfiguration;
			buildSettings = {
				ALWAYS_EMBED_SWIFT_STANDARD_LIBRARIES = YES;
				ASSETCATALOG_COMPILER_APPICON_NAME = AppIcon;
				ASSETCATALOG_COMPILER_GLOBAL_ACCENT_COLOR_NAME = AccentColor;
				CODE_SIGN_ENTITLEMENTS = Glider/Glider.entitlements;
				CODE_SIGN_IDENTITY = "-";
				"CODE_SIGN_IDENTITY[sdk=iphoneos*]" = "Apple Development";
				"CODE_SIGN_IDENTITY[sdk=macosx*]" = "Apple Development";
				CODE_SIGN_STYLE = Automatic;
				CURRENT_PROJECT_VERSION = 4;
				DEAD_CODE_STRIPPING = YES;
				DEVELOPMENT_ASSET_PATHS = "\"Glider/Preview Content\"";
				DEVELOPMENT_TEAM = 2X94RM7457;
				ENABLE_HARDENED_RUNTIME = YES;
				ENABLE_PREVIEWS = YES;
				GENERATE_INFOPLIST_FILE = YES;
				INFOPLIST_FILE = Glider/Info.plist;
				INFOPLIST_KEY_CFBundleDisplayName = "";
				INFOPLIST_KEY_LSApplicationCategoryType = "public.app-category.utilities";
				INFOPLIST_KEY_NSBluetoothAlwaysUsageDescription = "This app needs access to Bluetooth to connect to Adafruit devices";
				INFOPLIST_KEY_NSBluetoothPeripheralUsageDescription = "This app needs access to Bluetooth to connect to Adafruit devices";
				INFOPLIST_KEY_NSLocalNetworkUsageDescription = "This app needs network access to search for Multicast services";
				"INFOPLIST_KEY_UIApplicationSceneManifest_Generation[sdk=iphoneos*]" = YES;
				"INFOPLIST_KEY_UIApplicationSceneManifest_Generation[sdk=iphonesimulator*]" = YES;
				"INFOPLIST_KEY_UIApplicationSupportsIndirectInputEvents[sdk=iphoneos*]" = YES;
				"INFOPLIST_KEY_UIApplicationSupportsIndirectInputEvents[sdk=iphonesimulator*]" = YES;
				"INFOPLIST_KEY_UILaunchScreen_Generation[sdk=iphoneos*]" = YES;
				"INFOPLIST_KEY_UILaunchScreen_Generation[sdk=iphonesimulator*]" = YES;
				INFOPLIST_KEY_UIStatusBarHidden = YES;
				INFOPLIST_KEY_UIStatusBarStyle = UIStatusBarStyleDarkContent;
				"INFOPLIST_KEY_UIStatusBarStyle[sdk=iphoneos*]" = UIStatusBarStyleDefault;
				"INFOPLIST_KEY_UIStatusBarStyle[sdk=iphonesimulator*]" = UIStatusBarStyleDefault;
				INFOPLIST_KEY_UISupportedInterfaceOrientations_iPad = "UIInterfaceOrientationPortrait UIInterfaceOrientationPortraitUpsideDown UIInterfaceOrientationLandscapeLeft UIInterfaceOrientationLandscapeRight";
				INFOPLIST_KEY_UISupportedInterfaceOrientations_iPhone = "UIInterfaceOrientationPortrait UIInterfaceOrientationLandscapeLeft UIInterfaceOrientationLandscapeRight";
				INFOPLIST_KEY_UIUserInterfaceStyle = Light;
				IPHONEOS_DEPLOYMENT_TARGET = 15.0;
				LD_RUNPATH_SEARCH_PATHS = "@executable_path/Frameworks";
				"LD_RUNPATH_SEARCH_PATHS[sdk=macosx*]" = "@executable_path/../Frameworks";
				MACOSX_DEPLOYMENT_TARGET = 12.3;
				MARKETING_VERSION = 2.0.0;
				PRODUCT_BUNDLE_IDENTIFIER = com.adafruit.Glider;
				PRODUCT_NAME = "$(TARGET_NAME)";
				SDKROOT = auto;
				SUPPORTED_PLATFORMS = "iphoneos iphonesimulator macosx";
				SWIFT_EMIT_LOC_STRINGS = YES;
				SWIFT_VERSION = 5.0;
				TARGETED_DEVICE_FAMILY = "1,2";
			};
			name = Release;
		};
/* End XCBuildConfiguration section */

/* Begin XCConfigurationList section */
		A92161F62988401300FF2474 /* Build configuration list for PBXNativeTarget "GliderFileProviderUI" */ = {
			isa = XCConfigurationList;
			buildConfigurations = (
				A92161F72988401300FF2474 /* Debug */,
				A92161F82988401300FF2474 /* Release */,
			);
			defaultConfigurationIsVisible = 0;
			defaultConfigurationName = Release;
		};
		A92161F92988401300FF2474 /* Build configuration list for PBXNativeTarget "GliderFileProvider" */ = {
			isa = XCConfigurationList;
			buildConfigurations = (
				A92161FA2988401300FF2474 /* Debug */,
				A92161FB2988401300FF2474 /* Release */,
			);
			defaultConfigurationIsVisible = 0;
			defaultConfigurationName = Release;
		};
		A96EE38128CFC64700D21360 /* Build configuration list for PBXProject "Glider" */ = {
			isa = XCConfigurationList;
			buildConfigurations = (
				A96EE39328CFC64800D21360 /* Debug */,
				A96EE39428CFC64800D21360 /* Release */,
			);
			defaultConfigurationIsVisible = 0;
			defaultConfigurationName = Release;
		};
		A96EE39528CFC64800D21360 /* Build configuration list for PBXNativeTarget "Glider" */ = {
			isa = XCConfigurationList;
			buildConfigurations = (
				A96EE39628CFC64800D21360 /* Debug */,
				A96EE39728CFC64800D21360 /* Release */,
			);
			defaultConfigurationIsVisible = 0;
			defaultConfigurationName = Release;
		};
/* End XCConfigurationList section */

/* Begin XCRemoteSwiftPackageReference section */
		A9D530ED28DA03D70056177D /* XCRemoteSwiftPackageReference "SwiftyJSON" */ = {
			isa = XCRemoteSwiftPackageReference;
			repositoryURL = "https://github.com/SwiftyJSON/SwiftyJSON";
			requirement = {
				kind = upToNextMajorVersion;
				minimumVersion = 5.0.0;
			};
		};
/* End XCRemoteSwiftPackageReference section */

/* Begin XCSwiftPackageProductDependency section */
		A92162322988482300FF2474 /* SwiftyJSON */ = {
			isa = XCSwiftPackageProductDependency;
			package = A9D530ED28DA03D70056177D /* XCRemoteSwiftPackageReference "SwiftyJSON" */;
			productName = SwiftyJSON;
		};
		A9D530EE28DA03D70056177D /* SwiftyJSON */ = {
			isa = XCSwiftPackageProductDependency;
			package = A9D530ED28DA03D70056177D /* XCRemoteSwiftPackageReference "SwiftyJSON" */;
			productName = SwiftyJSON;
		};
/* End XCSwiftPackageProductDependency section */
	};
	rootObject = A96EE37E28CFC64700D21360 /* Project object */;
}
